// !$*UTF8*$!
{
	archiveVersion = 1;
	classes = {
	};
	objectVersion = 70;
	objects = {

/* Begin PBXBuildFile section */
		080EDEFB21B6DA7E00813479 /* EssentialFeed.framework in Frameworks */ = {isa = PBXBuildFile; fileRef = 080EDEF121B6DA7E00813479 /* EssentialFeed.framework */; };
		080EDF0C21B6DAE800813479 /* FeedImage.swift in Sources */ = {isa = PBXBuildFile; fileRef = 080EDF0B21B6DAE800813479 /* FeedImage.swift */; };
		080EDF0E21B6DCB600813479 /* FeedLoader.swift in Sources */ = {isa = PBXBuildFile; fileRef = 080EDF0D21B6DCB600813479 /* FeedLoader.swift */; };
		CC05026A2E9FF8CC00CB94FB /* CoreDataFeedStore.swift in Sources */ = {isa = PBXBuildFile; fileRef = CC0502692E9FF8C300CB94FB /* CoreDataFeedStore.swift */; };
		CC05026D2E9FF95C00CB94FB /* CoreDataFeedStoreTests.swift in Sources */ = {isa = PBXBuildFile; fileRef = CC0502682E9FF7C000CB94FB /* CoreDataFeedStoreTests.swift */; };
		CC0502732E9FFBFA00CB94FB /* FeedStore.xcdatamodeld in Sources */ = {isa = PBXBuildFile; fileRef = CC0502712E9FFBFA00CB94FB /* FeedStore.xcdatamodeld */; };
		CC05027F2EA145DB00CB94FB /* CoreDataHelpers.swift in Sources */ = {isa = PBXBuildFile; fileRef = CC05027E2EA145DB00CB94FB /* CoreDataHelpers.swift */; };
		CC0502812EA1466A00CB94FB /* ManagedCache.swift in Sources */ = {isa = PBXBuildFile; fileRef = CC0502802EA1466A00CB94FB /* ManagedCache.swift */; };
		CC0502832EA1468100CB94FB /* ManagedFeedImage.swift in Sources */ = {isa = PBXBuildFile; fileRef = CC0502822EA1468100CB94FB /* ManagedFeedImage.swift */; };
		CC0502942EA14CF500CB94FB /* EssentialFeed.framework in Frameworks */ = {isa = PBXBuildFile; fileRef = 080EDEF121B6DA7E00813479 /* EssentialFeed.framework */; };
		CC05029D2EA22FB500CB94FB /* XCTestCase+MemoryLeakTracking.swift in Sources */ = {isa = PBXBuildFile; fileRef = CC5AB9632E78173F00590488 /* XCTestCase+MemoryLeakTracking.swift */; };
		CC10F0002F6DDD9F008AAE68 /* FeedImageDataLoader.swift in Sources */ = {isa = PBXBuildFile; fileRef = CC34F2042F255B9F00C6A28C /* FeedImageDataLoader.swift */; };
		CC10F0022F6DDFA4008AAE68 /* LoadFeedImageDataFromRemoteUseCaseTests.swift in Sources */ = {isa = PBXBuildFile; fileRef = CC10F0012F6DDFA0008AAE68 /* LoadFeedImageDataFromRemoteUseCaseTests.swift */; };
		CC11D7EF2F4CC33300FB93CF /* ErrorView.swift in Sources */ = {isa = PBXBuildFile; fileRef = CC11D7EE2F4CC32F00FB93CF /* ErrorView.swift */; };
		CC11D7F92F4E0A6D00FB93CF /* UIRefreshControl+Helpers.swift in Sources */ = {isa = PBXBuildFile; fileRef = CC11D7F82F4E0A6900FB93CF /* UIRefreshControl+Helpers.swift */; };
		CC17B7442E9D556600E828EE /* FeedStoreSpecs.swift in Sources */ = {isa = PBXBuildFile; fileRef = CC17B7432E9D556200E828EE /* FeedStoreSpecs.swift */; };
		CC17B74A2E9D593A00E828EE /* XCTestCase+FeedStoreSpecs.swift in Sources */ = {isa = PBXBuildFile; fileRef = CC17B7492E9D593600E828EE /* XCTestCase+FeedStoreSpecs.swift */; };
		CC17B74C2E9E3E7900E828EE /* XCTestCase+FailableRetrieveFeedStoreSpecs.swift in Sources */ = {isa = PBXBuildFile; fileRef = CC17B74B2E9E3E7400E828EE /* XCTestCase+FailableRetrieveFeedStoreSpecs.swift */; };
		CC17B74E2E9E3F1400E828EE /* XCTestCase+FailableInsertFeedStoreSpecs.swift in Sources */ = {isa = PBXBuildFile; fileRef = CC17B74D2E9E3F1000E828EE /* XCTestCase+FailableInsertFeedStoreSpecs.swift */; };
		CC17B7502E9E403200E828EE /* XCTestCase+FailableDeleteFeedStoreSpecs.swift in Sources */ = {isa = PBXBuildFile; fileRef = CC17B74F2E9E402D00E828EE /* XCTestCase+FailableDeleteFeedStoreSpecs.swift */; };
		CC25E9A52EBF8CD600024FF3 /* EssentialFeediOS.framework in Frameworks */ = {isa = PBXBuildFile; fileRef = CC25E99A2EBF8CD500024FF3 /* EssentialFeediOS.framework */; };
		CC2A7B612E97A603004D6804 /* CodableFeedStore.swift in Sources */ = {isa = PBXBuildFile; fileRef = CC2A7B602E97A5FF004D6804 /* CodableFeedStore.swift */; };
		CC2D4AB52E6772EA009CE9F1 /* LoadFeedFromRemoteUseCaseTests.swift in Sources */ = {isa = PBXBuildFile; fileRef = CC2D4AB42E6772DB009CE9F1 /* LoadFeedFromRemoteUseCaseTests.swift */; };
		CC2D4AB82E6974B8009CE9F1 /* RemoteFeedLoader.swift in Sources */ = {isa = PBXBuildFile; fileRef = CC2D4AB72E6974B2009CE9F1 /* RemoteFeedLoader.swift */; };
		CC2D4AC22E6DFE62009CE9F1 /* HTTPClient.swift in Sources */ = {isa = PBXBuildFile; fileRef = CC2D4AC12E6DFE5E009CE9F1 /* HTTPClient.swift */; };
		CC2D4AC42E6DFED4009CE9F1 /* FeedItemsMapper.swift in Sources */ = {isa = PBXBuildFile; fileRef = CC2D4AC32E6DFECF009CE9F1 /* FeedItemsMapper.swift */; };
		CC3386492EC8F7C0000F3153 /* EssentialFeed.framework in Frameworks */ = {isa = PBXBuildFile; fileRef = 080EDEF121B6DA7E00813479 /* EssentialFeed.framework */; platformFilter = ios; };
		CC33864A2EC8F7C0000F3153 /* EssentialFeed.framework in Embed Frameworks */ = {isa = PBXBuildFile; fileRef = 080EDEF121B6DA7E00813479 /* EssentialFeed.framework */; settings = {ATTRIBUTES = (CodeSignOnCopy, RemoveHeadersOnCopy, ); }; };
		CC33864E2EC8F871000F3153 /* XCTestCase+MemoryLeakTracking.swift in Sources */ = {isa = PBXBuildFile; fileRef = CC5AB9632E78173F00590488 /* XCTestCase+MemoryLeakTracking.swift */; };
		CC34F2252F255B9F00C6A28C /* FeedImageDataLoaderPresentationAdapter.swift in Sources */ = {isa = PBXBuildFile; fileRef = CC34F20E2F255B9F00C6A28C /* FeedImageDataLoaderPresentationAdapter.swift */; };
		CC34F2262F255B9F00C6A28C /* FeedLoaderPresentationAdapter.swift in Sources */ = {isa = PBXBuildFile; fileRef = CC34F20F2F255B9F00C6A28C /* FeedLoaderPresentationAdapter.swift */; };
		CC34F2272F255B9F00C6A28C /* FeedUIComposer.swift in Sources */ = {isa = PBXBuildFile; fileRef = CC34F2102F255B9F00C6A28C /* FeedUIComposer.swift */; };
		CC34F2282F255B9F00C6A28C /* FeedViewAdapter.swift in Sources */ = {isa = PBXBuildFile; fileRef = CC34F2112F255B9F00C6A28C /* FeedViewAdapter.swift */; };
		CC34F2292F255B9F00C6A28C /* MainQueueDispatchDecorator.swift in Sources */ = {isa = PBXBuildFile; fileRef = CC34F2122F255B9F00C6A28C /* MainQueueDispatchDecorator.swift */; };
		CC34F22A2F255B9F00C6A28C /* WeakRefVirtualProxy.swift in Sources */ = {isa = PBXBuildFile; fileRef = CC34F2132F255B9F00C6A28C /* WeakRefVirtualProxy.swift */; };
		CC34F22B2F255B9F00C6A28C /* FeedImageCellController.swift in Sources */ = {isa = PBXBuildFile; fileRef = CC34F2152F255B9F00C6A28C /* FeedImageCellController.swift */; };
		CC34F22C2F255B9F00C6A28C /* FeedViewController.swift in Sources */ = {isa = PBXBuildFile; fileRef = CC34F2162F255B9F00C6A28C /* FeedViewController.swift */; };
		CC34F22D2F255B9F00C6A28C /* FeedImageCell.swift in Sources */ = {isa = PBXBuildFile; fileRef = CC34F21A2F255B9F00C6A28C /* FeedImageCell.swift */; };
		CC34F22E2F255B9F00C6A28C /* UIImageView+Animations.swift in Sources */ = {isa = PBXBuildFile; fileRef = CC34F21B2F255B9F00C6A28C /* UIImageView+Animations.swift */; };
		CC34F22F2F255B9F00C6A28C /* UITableView+Dequeueing.swift in Sources */ = {isa = PBXBuildFile; fileRef = CC34F21C2F255B9F00C6A28C /* UITableView+Dequeueing.swift */; };
		CC34F2302F255B9F00C6A28C /* UIView+Shimmering.swift in Sources */ = {isa = PBXBuildFile; fileRef = CC34F21D2F255B9F00C6A28C /* UIView+Shimmering.swift */; };
		CC34F2322F255B9F00C6A28C /* Feed.storyboard in Resources */ = {isa = PBXBuildFile; fileRef = CC34F2182F255B9F00C6A28C /* Feed.storyboard */; };
		CC34F2332F255B9F00C6A28C /* Feed.xcassets in Resources */ = {isa = PBXBuildFile; fileRef = CC34F2192F255B9F00C6A28C /* Feed.xcassets */; };
		CC55C0172E87F64700DBE516 /* README.md in Resources */ = {isa = PBXBuildFile; fileRef = CC55C0162E87F64700DBE516 /* README.md */; };
		CC55C01A2E89290900DBE516 /* CacheFeedUseCaseTests.swift in Sources */ = {isa = PBXBuildFile; fileRef = CC55C0192E8928F400DBE516 /* CacheFeedUseCaseTests.swift */; };
		CC55C0272E8B0BD900DBE516 /* LocalFeedLoader.swift in Sources */ = {isa = PBXBuildFile; fileRef = CC55C0262E8B0BD400DBE516 /* LocalFeedLoader.swift */; };
		CC55C0292E8B0CB000DBE516 /* FeedStore.swift in Sources */ = {isa = PBXBuildFile; fileRef = CC55C0282E8B0CAD00DBE516 /* FeedStore.swift */; };
		CC55C0392E8C360700DBE516 /* RemoteFeedItem.swift in Sources */ = {isa = PBXBuildFile; fileRef = CC55C0382E8C35FE00DBE516 /* RemoteFeedItem.swift */; };
		CC55C03B2E8C367300DBE516 /* LocalFeedImage.swift in Sources */ = {isa = PBXBuildFile; fileRef = CC55C03A2E8C366C00DBE516 /* LocalFeedImage.swift */; };
		CC5AB9612E746B0100590488 /* URLSessionHTTPClientTests.swift in Sources */ = {isa = PBXBuildFile; fileRef = CC5AB9602E746AF900590488 /* URLSessionHTTPClientTests.swift */; };
		CC5AB9642E78177200590488 /* XCTestCase+MemoryLeakTracking.swift in Sources */ = {isa = PBXBuildFile; fileRef = CC5AB9632E78173F00590488 /* XCTestCase+MemoryLeakTracking.swift */; };
		CC5AB9662E786E8D00590488 /* URLSessionHTTPClient.swift in Sources */ = {isa = PBXBuildFile; fileRef = CC5AB9652E786E8A00590488 /* URLSessionHTTPClient.swift */; };
		CC6A627A2E8E63670088122B /* LoadFeedFromCacheUseCaseTests.swift in Sources */ = {isa = PBXBuildFile; fileRef = CC6A62792E8E63540088122B /* LoadFeedFromCacheUseCaseTests.swift */; };
		CC6A627D2E8E656C0088122B /* FeedStoreSpy.swift in Sources */ = {isa = PBXBuildFile; fileRef = CC6A627C2E8E65670088122B /* FeedStoreSpy.swift */; };
		CC6A627F2E901F1F0088122B /* ValidateFeedCacheUseCaseTests.swift in Sources */ = {isa = PBXBuildFile; fileRef = CC6A627E2E901F060088122B /* ValidateFeedCacheUseCaseTests.swift */; };
		CC6A62812E9289D10088122B /* FeedCacheTestHelpers.swift in Sources */ = {isa = PBXBuildFile; fileRef = CC6A62802E9289C30088122B /* FeedCacheTestHelpers.swift */; };
		CC6A62832E928B1D0088122B /* SharedTestHelpers.swift in Sources */ = {isa = PBXBuildFile; fileRef = CC6A62822E928B180088122B /* SharedTestHelpers.swift */; };
		CC6A62842E928B1D0088122B /* SharedTestHelpers.swift in Sources */ = {isa = PBXBuildFile; fileRef = CC6A62822E928B180088122B /* SharedTestHelpers.swift */; };
		CC6A62862E92A11B0088122B /* FeedCachePolicy.swift in Sources */ = {isa = PBXBuildFile; fileRef = CC6A62852E92A1150088122B /* FeedCachePolicy.swift */; };
		CC6A62FC2E94FC4A0088122B /* CodableFeedStoreTests.swift in Sources */ = {isa = PBXBuildFile; fileRef = CC6A62FB2E94FC420088122B /* CodableFeedStoreTests.swift */; };
		CC8931F82EA2329C00BE5C3D /* FeedCacheTestHelpers.swift in Sources */ = {isa = PBXBuildFile; fileRef = CC6A62802E9289C30088122B /* FeedCacheTestHelpers.swift */; };
		CC8931F92EA232AA00BE5C3D /* SharedTestHelpers.swift in Sources */ = {isa = PBXBuildFile; fileRef = CC6A62822E928B180088122B /* SharedTestHelpers.swift */; };
		CC95D3232E7C1CBB00C1EC0F /* EssentialFeed.framework in Frameworks */ = {isa = PBXBuildFile; fileRef = 080EDEF121B6DA7E00813479 /* EssentialFeed.framework */; };
		CC95D32B2E7C25E400C1EC0F /* XCTestCase+MemoryLeakTracking.swift in Sources */ = {isa = PBXBuildFile; fileRef = CC5AB9632E78173F00590488 /* XCTestCase+MemoryLeakTracking.swift */; };
		CCAF05FD2F98C3C600F8709C /* HTTPClientSpy.swift in Sources */ = {isa = PBXBuildFile; fileRef = CCAF05FC2F98C3C200F8709C /* HTTPClientSpy.swift */; };
		CCAF05FF2F98C54000F8709C /* RemoteFeedImageDataLoader.swift in Sources */ = {isa = PBXBuildFile; fileRef = CCAF05FE2F98C53C00F8709C /* RemoteFeedImageDataLoader.swift */; };
		CCAF06022F98CBD500F8709C /* HTTPURLResponse+StatusCode.swift in Sources */ = {isa = PBXBuildFile; fileRef = CCAF06012F98CBD300F8709C /* HTTPURLResponse+StatusCode.swift */; };
		CCAF06052F98CCAA00F8709C /* URLProtocolStub.swift in Sources */ = {isa = PBXBuildFile; fileRef = CCAF06032F98CC6800F8709C /* URLProtocolStub.swift */; };
		CCAF06402F98CFE600F8709C /* LoadFeedImageDataFromCacheUseCaseTests.swift in Sources */ = {isa = PBXBuildFile; fileRef = CCAF063F2F98CFE200F8709C /* LoadFeedImageDataFromCacheUseCaseTests.swift */; };
		CCAF06422F98D40800F8709C /* FeedImageDataStore.swift in Sources */ = {isa = PBXBuildFile; fileRef = CCAF06412F98D40600F8709C /* FeedImageDataStore.swift */; };
		CCAF06442F98D42400F8709C /* LocalFeedImageDataLoader.swift in Sources */ = {isa = PBXBuildFile; fileRef = CCAF06432F98D42300F8709C /* LocalFeedImageDataLoader.swift */; };
		CCB16BB72F9D35EE0044DC8F /* FeedImageDataStoreSpy.swift in Sources */ = {isa = PBXBuildFile; fileRef = CCB16BB62F9D35ED0044DC8F /* FeedImageDataStoreSpy.swift */; };
		CCB16BB82F9D35EE0044DC8F /* FeedImageDataStoreSpy.swift in Sources */ = {isa = PBXBuildFile; fileRef = CCB16BB62F9D35ED0044DC8F /* FeedImageDataStoreSpy.swift */; };
		CCB16BBA2F9D36C20044DC8F /* CacheFeedImageDataUseCaseTests.swift in Sources */ = {isa = PBXBuildFile; fileRef = CCB16BB92F9D36BF0044DC8F /* CacheFeedImageDataUseCaseTests.swift */; };
		CCB16BBC2F9D38AC0044DC8F /* CoreDataFeedImageDataStoreTests.swift in Sources */ = {isa = PBXBuildFile; fileRef = CCB16BBB2F9D38AA0044DC8F /* CoreDataFeedImageDataStoreTests.swift */; };
		CCB16BBF2F9D3C6A0044DC8F /* CoreDataFeedStore+FeedImageDataLoader.swift in Sources */ = {isa = PBXBuildFile; fileRef = CCB16BBE2F9D3C670044DC8F /* CoreDataFeedStore+FeedImageDataLoader.swift */; };
		CCB16BC12F9D40DD0044DC8F /* CoreDataFeedStore+FeedStore.swift in Sources */ = {isa = PBXBuildFile; fileRef = CCB16BC02F9D40DB0044DC8F /* CoreDataFeedStore+FeedStore.swift */; };
		CCDBF9B22F50B5BE002279B1 /* FeedPresenterTests.swift in Sources */ = {isa = PBXBuildFile; fileRef = CCDBF9B12F50B5B8002279B1 /* FeedPresenterTests.swift */; };
		CCDBFA632F538512002279B1 /* FeedPresenter.swift in Sources */ = {isa = PBXBuildFile; fileRef = CCDBFA622F53850D002279B1 /* FeedPresenter.swift */; };
		CCDBFA642F538601002279B1 /* Feed.strings in Resources */ = {isa = PBXBuildFile; fileRef = CCDBFA5C2F5383BD002279B1 /* Feed.strings */; };
		CCDBFA662F538638002279B1 /* FeedViewModel.swift in Sources */ = {isa = PBXBuildFile; fileRef = CCDBFA652F538634002279B1 /* FeedViewModel.swift */; };
		CCDBFA682F53868A002279B1 /* FeedLoadingViewModel.swift in Sources */ = {isa = PBXBuildFile; fileRef = CCDBFA672F538685002279B1 /* FeedLoadingViewModel.swift */; };
		CCDBFA6A2F5386C5002279B1 /* FeedErrorViewModel.swift in Sources */ = {isa = PBXBuildFile; fileRef = CCDBFA692F5386C5002279B1 /* FeedErrorViewModel.swift */; };
		CCDBFA6B2F538B89002279B1 /* FeedLocalizationTests.swift in Sources */ = {isa = PBXBuildFile; fileRef = CCDBFA412F538146002279B1 /* FeedLocalizationTests.swift */; };
		CCDBFA6D2F538BF1002279B1 /* FeedImagePresenterTests.swift in Sources */ = {isa = PBXBuildFile; fileRef = CCDBFA6C2F538BEE002279B1 /* FeedImagePresenterTests.swift */; };
		CCDBFA6F2F53937F002279B1 /* FeedImagePresenter.swift in Sources */ = {isa = PBXBuildFile; fileRef = CCDBFA6E2F53937F002279B1 /* FeedImagePresenter.swift */; };
		CCDBFA712F539406002279B1 /* FeedImageViewModel.swift in Sources */ = {isa = PBXBuildFile; fileRef = CCDBFA702F539406002279B1 /* FeedImageViewModel.swift */; };
/* End PBXBuildFile section */

/* Begin PBXContainerItemProxy section */
		080EDEFC21B6DA7E00813479 /* PBXContainerItemProxy */ = {
			isa = PBXContainerItemProxy;
			containerPortal = 080EDEE821B6DA7E00813479 /* Project object */;
			proxyType = 1;
			remoteGlobalIDString = 080EDEF021B6DA7E00813479;
			remoteInfo = EssentialFeed;
		};
		CC0502952EA14CF500CB94FB /* PBXContainerItemProxy */ = {
			isa = PBXContainerItemProxy;
			containerPortal = 080EDEE821B6DA7E00813479 /* Project object */;
			proxyType = 1;
			remoteGlobalIDString = 080EDEF021B6DA7E00813479;
			remoteInfo = EssentialFeed;
		};
		CC25E9A62EBF8CD600024FF3 /* PBXContainerItemProxy */ = {
			isa = PBXContainerItemProxy;
			containerPortal = 080EDEE821B6DA7E00813479 /* Project object */;
			proxyType = 1;
			remoteGlobalIDString = CC25E9992EBF8CD500024FF3;
			remoteInfo = EssentialFeediOS;
		};
		CC33864B2EC8F7C0000F3153 /* PBXContainerItemProxy */ = {
			isa = PBXContainerItemProxy;
			containerPortal = 080EDEE821B6DA7E00813479 /* Project object */;
			proxyType = 1;
			remoteGlobalIDString = 080EDEF021B6DA7E00813479;
			remoteInfo = EssentialFeed;
		};
		CC95D3242E7C1CBB00C1EC0F /* PBXContainerItemProxy */ = {
			isa = PBXContainerItemProxy;
			containerPortal = 080EDEE821B6DA7E00813479 /* Project object */;
			proxyType = 1;
			remoteGlobalIDString = 080EDEF021B6DA7E00813479;
			remoteInfo = EssentialFeed;
		};
/* End PBXContainerItemProxy section */

/* Begin PBXCopyFilesBuildPhase section */
		CC33864D2EC8F7C0000F3153 /* Embed Frameworks */ = {
			isa = PBXCopyFilesBuildPhase;
			buildActionMask = 2147483647;
			dstPath = "";
			dstSubfolderSpec = 10;
			files = (
				CC33864A2EC8F7C0000F3153 /* EssentialFeed.framework in Embed Frameworks */,
			);
			name = "Embed Frameworks";
			runOnlyForDeploymentPostprocessing = 0;
		};
/* End PBXCopyFilesBuildPhase section */

/* Begin PBXFileReference section */
		080EDEF121B6DA7E00813479 /* EssentialFeed.framework */ = {isa = PBXFileReference; explicitFileType = wrapper.framework; includeInIndex = 0; path = EssentialFeed.framework; sourceTree = BUILT_PRODUCTS_DIR; };
		080EDEF521B6DA7E00813479 /* Info.plist */ = {isa = PBXFileReference; lastKnownFileType = text.plist.xml; path = Info.plist; sourceTree = "<group>"; };
		080EDEFA21B6DA7E00813479 /* EssentialFeedTests.xctest */ = {isa = PBXFileReference; explicitFileType = wrapper.cfbundle; includeInIndex = 0; path = EssentialFeedTests.xctest; sourceTree = BUILT_PRODUCTS_DIR; };
		080EDF0121B6DA7E00813479 /* Info.plist */ = {isa = PBXFileReference; lastKnownFileType = text.plist.xml; path = Info.plist; sourceTree = "<group>"; };
		080EDF0B21B6DAE800813479 /* FeedImage.swift */ = {isa = PBXFileReference; lastKnownFileType = sourcecode.swift; path = FeedImage.swift; sourceTree = "<group>"; };
		080EDF0D21B6DCB600813479 /* FeedLoader.swift */ = {isa = PBXFileReference; lastKnownFileType = sourcecode.swift; path = FeedLoader.swift; sourceTree = "<group>"; };
		CC0502682E9FF7C000CB94FB /* CoreDataFeedStoreTests.swift */ = {isa = PBXFileReference; lastKnownFileType = sourcecode.swift; path = CoreDataFeedStoreTests.swift; sourceTree = "<group>"; };
		CC0502692E9FF8C300CB94FB /* CoreDataFeedStore.swift */ = {isa = PBXFileReference; lastKnownFileType = sourcecode.swift; path = CoreDataFeedStore.swift; sourceTree = "<group>"; };
		CC0502722E9FFBFA00CB94FB /* FeedStore.xcdatamodel */ = {isa = PBXFileReference; lastKnownFileType = wrapper.xcdatamodel; path = FeedStore.xcdatamodel; sourceTree = "<group>"; };
		CC05027E2EA145DB00CB94FB /* CoreDataHelpers.swift */ = {isa = PBXFileReference; lastKnownFileType = sourcecode.swift; path = CoreDataHelpers.swift; sourceTree = "<group>"; };
		CC0502802EA1466A00CB94FB /* ManagedCache.swift */ = {isa = PBXFileReference; lastKnownFileType = sourcecode.swift; path = ManagedCache.swift; sourceTree = "<group>"; };
		CC0502822EA1468100CB94FB /* ManagedFeedImage.swift */ = {isa = PBXFileReference; lastKnownFileType = sourcecode.swift; path = ManagedFeedImage.swift; sourceTree = "<group>"; };
		CC0502902EA14CF500CB94FB /* EssentialFeedCacheIntegrationTests.xctest */ = {isa = PBXFileReference; explicitFileType = wrapper.cfbundle; includeInIndex = 0; path = EssentialFeedCacheIntegrationTests.xctest; sourceTree = BUILT_PRODUCTS_DIR; };
		CC05029A2EA14D4A00CB94FB /* EssentialFeedCacheIntegrationTests.xctestplan */ = {isa = PBXFileReference; lastKnownFileType = text; name = EssentialFeedCacheIntegrationTests.xctestplan; path = EssentialFeedCacheIntegrationTests/EssentialFeedCacheIntegrationTests.xctestplan; sourceTree = "<group>"; };
		CC10F0012F6DDFA0008AAE68 /* LoadFeedImageDataFromRemoteUseCaseTests.swift */ = {isa = PBXFileReference; lastKnownFileType = sourcecode.swift; path = LoadFeedImageDataFromRemoteUseCaseTests.swift; sourceTree = "<group>"; };
		CC11D7EE2F4CC32F00FB93CF /* ErrorView.swift */ = {isa = PBXFileReference; lastKnownFileType = sourcecode.swift; path = ErrorView.swift; sourceTree = "<group>"; };
		CC11D7F82F4E0A6900FB93CF /* UIRefreshControl+Helpers.swift */ = {isa = PBXFileReference; lastKnownFileType = sourcecode.swift; path = "UIRefreshControl+Helpers.swift"; sourceTree = "<group>"; };
		CC17B7432E9D556200E828EE /* FeedStoreSpecs.swift */ = {isa = PBXFileReference; lastKnownFileType = sourcecode.swift; path = FeedStoreSpecs.swift; sourceTree = "<group>"; };
		CC17B7492E9D593600E828EE /* XCTestCase+FeedStoreSpecs.swift */ = {isa = PBXFileReference; lastKnownFileType = sourcecode.swift; path = "XCTestCase+FeedStoreSpecs.swift"; sourceTree = "<group>"; };
		CC17B74B2E9E3E7400E828EE /* XCTestCase+FailableRetrieveFeedStoreSpecs.swift */ = {isa = PBXFileReference; lastKnownFileType = sourcecode.swift; path = "XCTestCase+FailableRetrieveFeedStoreSpecs.swift"; sourceTree = "<group>"; };
		CC17B74D2E9E3F1000E828EE /* XCTestCase+FailableInsertFeedStoreSpecs.swift */ = {isa = PBXFileReference; lastKnownFileType = sourcecode.swift; path = "XCTestCase+FailableInsertFeedStoreSpecs.swift"; sourceTree = "<group>"; };
		CC17B74F2E9E402D00E828EE /* XCTestCase+FailableDeleteFeedStoreSpecs.swift */ = {isa = PBXFileReference; lastKnownFileType = sourcecode.swift; path = "XCTestCase+FailableDeleteFeedStoreSpecs.swift"; sourceTree = "<group>"; };
		CC25E9942EBF8A7200024FF3 /* EssentialFeedAPIEndToEndTests.xctestplan */ = {isa = PBXFileReference; lastKnownFileType = text; path = EssentialFeedAPIEndToEndTests.xctestplan; sourceTree = "<group>"; };
		CC25E99A2EBF8CD500024FF3 /* EssentialFeediOS.framework */ = {isa = PBXFileReference; explicitFileType = wrapper.framework; includeInIndex = 0; path = EssentialFeediOS.framework; sourceTree = BUILT_PRODUCTS_DIR; };
		CC25E9A42EBF8CD600024FF3 /* EssentialFeediOSTests.xctest */ = {isa = PBXFileReference; explicitFileType = wrapper.cfbundle; includeInIndex = 0; path = EssentialFeediOSTests.xctest; sourceTree = BUILT_PRODUCTS_DIR; };
		CC25E9B12EBF8DF200024FF3 /* EssentialFeediOS.xctestplan */ = {isa = PBXFileReference; lastKnownFileType = text; path = EssentialFeediOS.xctestplan; sourceTree = "<group>"; };
		CC2A7B602E97A5FF004D6804 /* CodableFeedStore.swift */ = {isa = PBXFileReference; lastKnownFileType = sourcecode.swift; path = CodableFeedStore.swift; sourceTree = "<group>"; };
		CC2D4AB42E6772DB009CE9F1 /* LoadFeedFromRemoteUseCaseTests.swift */ = {isa = PBXFileReference; lastKnownFileType = sourcecode.swift; path = LoadFeedFromRemoteUseCaseTests.swift; sourceTree = "<group>"; };
		CC2D4AB72E6974B2009CE9F1 /* RemoteFeedLoader.swift */ = {isa = PBXFileReference; lastKnownFileType = sourcecode.swift; path = RemoteFeedLoader.swift; sourceTree = "<group>"; };
		CC2D4AC12E6DFE5E009CE9F1 /* HTTPClient.swift */ = {isa = PBXFileReference; lastKnownFileType = sourcecode.swift; path = HTTPClient.swift; sourceTree = "<group>"; };
		CC2D4AC32E6DFECF009CE9F1 /* FeedItemsMapper.swift */ = {isa = PBXFileReference; lastKnownFileType = sourcecode.swift; path = FeedItemsMapper.swift; sourceTree = "<group>"; };
		CC34F2042F255B9F00C6A28C /* FeedImageDataLoader.swift */ = {isa = PBXFileReference; lastKnownFileType = sourcecode.swift; path = FeedImageDataLoader.swift; sourceTree = "<group>"; };
		CC34F20E2F255B9F00C6A28C /* FeedImageDataLoaderPresentationAdapter.swift */ = {isa = PBXFileReference; lastKnownFileType = sourcecode.swift; path = FeedImageDataLoaderPresentationAdapter.swift; sourceTree = "<group>"; };
		CC34F20F2F255B9F00C6A28C /* FeedLoaderPresentationAdapter.swift */ = {isa = PBXFileReference; lastKnownFileType = sourcecode.swift; path = FeedLoaderPresentationAdapter.swift; sourceTree = "<group>"; };
		CC34F2102F255B9F00C6A28C /* FeedUIComposer.swift */ = {isa = PBXFileReference; lastKnownFileType = sourcecode.swift; path = FeedUIComposer.swift; sourceTree = "<group>"; };
		CC34F2112F255B9F00C6A28C /* FeedViewAdapter.swift */ = {isa = PBXFileReference; lastKnownFileType = sourcecode.swift; path = FeedViewAdapter.swift; sourceTree = "<group>"; };
		CC34F2122F255B9F00C6A28C /* MainQueueDispatchDecorator.swift */ = {isa = PBXFileReference; lastKnownFileType = sourcecode.swift; path = MainQueueDispatchDecorator.swift; sourceTree = "<group>"; };
		CC34F2132F255B9F00C6A28C /* WeakRefVirtualProxy.swift */ = {isa = PBXFileReference; lastKnownFileType = sourcecode.swift; path = WeakRefVirtualProxy.swift; sourceTree = "<group>"; };
		CC34F2152F255B9F00C6A28C /* FeedImageCellController.swift */ = {isa = PBXFileReference; lastKnownFileType = sourcecode.swift; path = FeedImageCellController.swift; sourceTree = "<group>"; };
		CC34F2162F255B9F00C6A28C /* FeedViewController.swift */ = {isa = PBXFileReference; lastKnownFileType = sourcecode.swift; path = FeedViewController.swift; sourceTree = "<group>"; };
		CC34F2182F255B9F00C6A28C /* Feed.storyboard */ = {isa = PBXFileReference; lastKnownFileType = file.storyboard; path = Feed.storyboard; sourceTree = "<group>"; };
		CC34F2192F255B9F00C6A28C /* Feed.xcassets */ = {isa = PBXFileReference; lastKnownFileType = folder.assetcatalog; path = Feed.xcassets; sourceTree = "<group>"; };
		CC34F21A2F255B9F00C6A28C /* FeedImageCell.swift */ = {isa = PBXFileReference; lastKnownFileType = sourcecode.swift; path = FeedImageCell.swift; sourceTree = "<group>"; };
		CC34F21B2F255B9F00C6A28C /* UIImageView+Animations.swift */ = {isa = PBXFileReference; lastKnownFileType = sourcecode.swift; path = "UIImageView+Animations.swift"; sourceTree = "<group>"; };
		CC34F21C2F255B9F00C6A28C /* UITableView+Dequeueing.swift */ = {isa = PBXFileReference; lastKnownFileType = sourcecode.swift; path = "UITableView+Dequeueing.swift"; sourceTree = "<group>"; };
		CC34F21D2F255B9F00C6A28C /* UIView+Shimmering.swift */ = {isa = PBXFileReference; lastKnownFileType = sourcecode.swift; path = "UIView+Shimmering.swift"; sourceTree = "<group>"; };
		CC55C0162E87F64700DBE516 /* README.md */ = {isa = PBXFileReference; lastKnownFileType = net.daringfireball.markdown; name = README.md; path = ../README.md; sourceTree = SOURCE_ROOT; };
		CC55C0192E8928F400DBE516 /* CacheFeedUseCaseTests.swift */ = {isa = PBXFileReference; lastKnownFileType = sourcecode.swift; path = CacheFeedUseCaseTests.swift; sourceTree = "<group>"; };
		CC55C0262E8B0BD400DBE516 /* LocalFeedLoader.swift */ = {isa = PBXFileReference; lastKnownFileType = sourcecode.swift; path = LocalFeedLoader.swift; sourceTree = "<group>"; };
		CC55C0282E8B0CAD00DBE516 /* FeedStore.swift */ = {isa = PBXFileReference; lastKnownFileType = sourcecode.swift; path = FeedStore.swift; sourceTree = "<group>"; };
		CC55C0382E8C35FE00DBE516 /* RemoteFeedItem.swift */ = {isa = PBXFileReference; lastKnownFileType = sourcecode.swift; path = RemoteFeedItem.swift; sourceTree = "<group>"; };
		CC55C03A2E8C366C00DBE516 /* LocalFeedImage.swift */ = {isa = PBXFileReference; lastKnownFileType = sourcecode.swift; path = LocalFeedImage.swift; sourceTree = "<group>"; };
		CC5AB9602E746AF900590488 /* URLSessionHTTPClientTests.swift */ = {isa = PBXFileReference; lastKnownFileType = sourcecode.swift; path = URLSessionHTTPClientTests.swift; sourceTree = "<group>"; };
		CC5AB9632E78173F00590488 /* XCTestCase+MemoryLeakTracking.swift */ = {isa = PBXFileReference; lastKnownFileType = sourcecode.swift; path = "XCTestCase+MemoryLeakTracking.swift"; sourceTree = "<group>"; };
		CC5AB9652E786E8A00590488 /* URLSessionHTTPClient.swift */ = {isa = PBXFileReference; lastKnownFileType = sourcecode.swift; path = URLSessionHTTPClient.swift; sourceTree = "<group>"; };
		CC6A62792E8E63540088122B /* LoadFeedFromCacheUseCaseTests.swift */ = {isa = PBXFileReference; lastKnownFileType = sourcecode.swift; path = LoadFeedFromCacheUseCaseTests.swift; sourceTree = "<group>"; };
		CC6A627C2E8E65670088122B /* FeedStoreSpy.swift */ = {isa = PBXFileReference; lastKnownFileType = sourcecode.swift; path = FeedStoreSpy.swift; sourceTree = "<group>"; };
		CC6A627E2E901F060088122B /* ValidateFeedCacheUseCaseTests.swift */ = {isa = PBXFileReference; lastKnownFileType = sourcecode.swift; path = ValidateFeedCacheUseCaseTests.swift; sourceTree = "<group>"; };
		CC6A62802E9289C30088122B /* FeedCacheTestHelpers.swift */ = {isa = PBXFileReference; lastKnownFileType = sourcecode.swift; path = FeedCacheTestHelpers.swift; sourceTree = "<group>"; };
		CC6A62822E928B180088122B /* SharedTestHelpers.swift */ = {isa = PBXFileReference; lastKnownFileType = sourcecode.swift; path = SharedTestHelpers.swift; sourceTree = "<group>"; };
		CC6A62852E92A1150088122B /* FeedCachePolicy.swift */ = {isa = PBXFileReference; lastKnownFileType = sourcecode.swift; path = FeedCachePolicy.swift; sourceTree = "<group>"; };
		CC6A62FB2E94FC420088122B /* CodableFeedStoreTests.swift */ = {isa = PBXFileReference; lastKnownFileType = sourcecode.swift; path = CodableFeedStoreTests.swift; sourceTree = "<group>"; };
		CC95D31F2E7C1CBB00C1EC0F /* EssentialFeedAPIEndToEndTests.xctest */ = {isa = PBXFileReference; explicitFileType = wrapper.cfbundle; includeInIndex = 0; path = EssentialFeedAPIEndToEndTests.xctest; sourceTree = BUILT_PRODUCTS_DIR; };
		CC95D32E2E7C280400C1EC0F /* CI.xctestplan */ = {isa = PBXFileReference; lastKnownFileType = text; path = CI.xctestplan; sourceTree = "<group>"; };
		CCAF05FC2F98C3C200F8709C /* HTTPClientSpy.swift */ = {isa = PBXFileReference; lastKnownFileType = sourcecode.swift; path = HTTPClientSpy.swift; sourceTree = "<group>"; };
		CCAF05FE2F98C53C00F8709C /* RemoteFeedImageDataLoader.swift */ = {isa = PBXFileReference; lastKnownFileType = sourcecode.swift; path = RemoteFeedImageDataLoader.swift; sourceTree = "<group>"; };
		CCAF06012F98CBD300F8709C /* HTTPURLResponse+StatusCode.swift */ = {isa = PBXFileReference; lastKnownFileType = sourcecode.swift; path = "HTTPURLResponse+StatusCode.swift"; sourceTree = "<group>"; };
		CCAF06032F98CC6800F8709C /* URLProtocolStub.swift */ = {isa = PBXFileReference; lastKnownFileType = sourcecode.swift; path = URLProtocolStub.swift; sourceTree = "<group>"; };
		CCAF063F2F98CFE200F8709C /* LoadFeedImageDataFromCacheUseCaseTests.swift */ = {isa = PBXFileReference; lastKnownFileType = sourcecode.swift; path = LoadFeedImageDataFromCacheUseCaseTests.swift; sourceTree = "<group>"; };
		CCAF06412F98D40600F8709C /* FeedImageDataStore.swift */ = {isa = PBXFileReference; lastKnownFileType = sourcecode.swift; path = FeedImageDataStore.swift; sourceTree = "<group>"; };
		CCAF06432F98D42300F8709C /* LocalFeedImageDataLoader.swift */ = {isa = PBXFileReference; lastKnownFileType = sourcecode.swift; path = LocalFeedImageDataLoader.swift; sourceTree = "<group>"; };
		CCB16BB62F9D35ED0044DC8F /* FeedImageDataStoreSpy.swift */ = {isa = PBXFileReference; lastKnownFileType = sourcecode.swift; path = FeedImageDataStoreSpy.swift; sourceTree = "<group>"; };
		CCB16BB92F9D36BF0044DC8F /* CacheFeedImageDataUseCaseTests.swift */ = {isa = PBXFileReference; lastKnownFileType = sourcecode.swift; path = CacheFeedImageDataUseCaseTests.swift; sourceTree = "<group>"; };
		CCB16BBB2F9D38AA0044DC8F /* CoreDataFeedImageDataStoreTests.swift */ = {isa = PBXFileReference; lastKnownFileType = sourcecode.swift; path = CoreDataFeedImageDataStoreTests.swift; sourceTree = "<group>"; };
		CCB16BBD2F9D3AD80044DC8F /* FeedStore2.xcdatamodel */ = {isa = PBXFileReference; lastKnownFileType = wrapper.xcdatamodel; path = FeedStore2.xcdatamodel; sourceTree = "<group>"; };
		CCB16BBE2F9D3C670044DC8F /* CoreDataFeedStore+FeedImageDataLoader.swift */ = {isa = PBXFileReference; lastKnownFileType = sourcecode.swift; path = "CoreDataFeedStore+FeedImageDataLoader.swift"; sourceTree = "<group>"; };
		CCB16BC02F9D40DB0044DC8F /* CoreDataFeedStore+FeedStore.swift */ = {isa = PBXFileReference; lastKnownFileType = sourcecode.swift; path = "CoreDataFeedStore+FeedStore.swift"; sourceTree = "<group>"; };
		CCDBF9B12F50B5B8002279B1 /* FeedPresenterTests.swift */ = {isa = PBXFileReference; lastKnownFileType = sourcecode.swift; path = FeedPresenterTests.swift; sourceTree = "<group>"; };
		CCDBFA412F538146002279B1 /* FeedLocalizationTests.swift */ = {isa = PBXFileReference; lastKnownFileType = sourcecode.swift; path = FeedLocalizationTests.swift; sourceTree = "<group>"; };
		CCDBFA5D2F5383BD002279B1 /* en */ = {isa = PBXFileReference; lastKnownFileType = text.plist.strings; name = en; path = en.lproj/Feed.strings; sourceTree = "<group>"; };
		CCDBFA5F2F5383D3002279B1 /* el */ = {isa = PBXFileReference; lastKnownFileType = text.plist.strings; name = el; path = el.lproj/Feed.strings; sourceTree = "<group>"; };
		CCDBFA602F5383D8002279B1 /* pt-PT */ = {isa = PBXFileReference; lastKnownFileType = text.plist.strings; name = "pt-PT"; path = "pt-PT.lproj/Feed.strings"; sourceTree = "<group>"; };
		CCDBFA622F53850D002279B1 /* FeedPresenter.swift */ = {isa = PBXFileReference; lastKnownFileType = sourcecode.swift; path = FeedPresenter.swift; sourceTree = "<group>"; };
		CCDBFA652F538634002279B1 /* FeedViewModel.swift */ = {isa = PBXFileReference; lastKnownFileType = sourcecode.swift; path = FeedViewModel.swift; sourceTree = "<group>"; };
		CCDBFA672F538685002279B1 /* FeedLoadingViewModel.swift */ = {isa = PBXFileReference; lastKnownFileType = sourcecode.swift; path = FeedLoadingViewModel.swift; sourceTree = "<group>"; };
		CCDBFA692F5386C5002279B1 /* FeedErrorViewModel.swift */ = {isa = PBXFileReference; lastKnownFileType = sourcecode.swift; path = FeedErrorViewModel.swift; sourceTree = "<group>"; };
		CCDBFA6C2F538BEE002279B1 /* FeedImagePresenterTests.swift */ = {isa = PBXFileReference; lastKnownFileType = sourcecode.swift; path = FeedImagePresenterTests.swift; sourceTree = "<group>"; };
		CCDBFA6E2F53937F002279B1 /* FeedImagePresenter.swift */ = {isa = PBXFileReference; lastKnownFileType = sourcecode.swift; path = FeedImagePresenter.swift; sourceTree = "<group>"; };
		CCDBFA702F539406002279B1 /* FeedImageViewModel.swift */ = {isa = PBXFileReference; lastKnownFileType = sourcecode.swift; path = FeedImageViewModel.swift; sourceTree = "<group>"; };
/* End PBXFileReference section */

/* Begin PBXFileSystemSynchronizedRootGroup section */
		CC0502912EA14CF500CB94FB /* EssentialFeedCacheIntegrationTests */ = {isa = PBXFileSystemSynchronizedRootGroup; explicitFileTypes = {}; explicitFolders = (); path = EssentialFeedCacheIntegrationTests; sourceTree = "<group>"; };
		CC25E9A82EBF8CD600024FF3 /* EssentialFeediOSTests */ = {isa = PBXFileSystemSynchronizedRootGroup; explicitFileTypes = {}; explicitFolders = (); path = EssentialFeediOSTests; sourceTree = "<group>"; };
		CC95D3202E7C1CBB00C1EC0F /* EssentialFeedAPIEndToEndTests */ = {isa = PBXFileSystemSynchronizedRootGroup; explicitFileTypes = {}; explicitFolders = (); path = EssentialFeedAPIEndToEndTests; sourceTree = "<group>"; };
/* End PBXFileSystemSynchronizedRootGroup section */

/* Begin PBXFrameworksBuildPhase section */
		080EDEEE21B6DA7E00813479 /* Frameworks */ = {
			isa = PBXFrameworksBuildPhase;
			buildActionMask = 2147483647;
			files = (
			);
			runOnlyForDeploymentPostprocessing = 0;
		};
		080EDEF721B6DA7E00813479 /* Frameworks */ = {
			isa = PBXFrameworksBuildPhase;
			buildActionMask = 2147483647;
			files = (
				080EDEFB21B6DA7E00813479 /* EssentialFeed.framework in Frameworks */,
			);
			runOnlyForDeploymentPostprocessing = 0;
		};
		CC05028D2EA14CF500CB94FB /* Frameworks */ = {
			isa = PBXFrameworksBuildPhase;
			buildActionMask = 2147483647;
			files = (
				CC0502942EA14CF500CB94FB /* EssentialFeed.framework in Frameworks */,
			);
			runOnlyForDeploymentPostprocessing = 0;
		};
		CC25E9972EBF8CD500024FF3 /* Frameworks */ = {
			isa = PBXFrameworksBuildPhase;
			buildActionMask = 2147483647;
			files = (
				CC3386492EC8F7C0000F3153 /* EssentialFeed.framework in Frameworks */,
			);
			runOnlyForDeploymentPostprocessing = 0;
		};
		CC25E9A12EBF8CD600024FF3 /* Frameworks */ = {
			isa = PBXFrameworksBuildPhase;
			buildActionMask = 2147483647;
			files = (
				CC25E9A52EBF8CD600024FF3 /* EssentialFeediOS.framework in Frameworks */,
			);
			runOnlyForDeploymentPostprocessing = 0;
		};
		CC95D31C2E7C1CBB00C1EC0F /* Frameworks */ = {
			isa = PBXFrameworksBuildPhase;
			buildActionMask = 2147483647;
			files = (
				CC95D3232E7C1CBB00C1EC0F /* EssentialFeed.framework in Frameworks */,
			);
			runOnlyForDeploymentPostprocessing = 0;
		};
/* End PBXFrameworksBuildPhase section */

/* Begin PBXGroup section */
		080EDEE721B6DA7E00813479 = {
			isa = PBXGroup;
			children = (
				CC25E9B12EBF8DF200024FF3 /* EssentialFeediOS.xctestplan */,
				CC25E9942EBF8A7200024FF3 /* EssentialFeedAPIEndToEndTests.xctestplan */,
				CC05029A2EA14D4A00CB94FB /* EssentialFeedCacheIntegrationTests.xctestplan */,
				CC95D32E2E7C280400C1EC0F /* CI.xctestplan */,
				CC55C0162E87F64700DBE516 /* README.md */,
				080EDEF321B6DA7E00813479 /* EssentialFeed */,
				080EDEFE21B6DA7E00813479 /* EssentialFeedTests */,
				CC95D3202E7C1CBB00C1EC0F /* EssentialFeedAPIEndToEndTests */,
				CC0502912EA14CF500CB94FB /* EssentialFeedCacheIntegrationTests */,
				CC34F2202F255B9F00C6A28C /* EssentialFeediOS */,
				CC25E9A82EBF8CD600024FF3 /* EssentialFeediOSTests */,
				CC3386482EC8F7C0000F3153 /* Frameworks */,
				080EDEF221B6DA7E00813479 /* Products */,
			);
			sourceTree = "<group>";
		};
		080EDEF221B6DA7E00813479 /* Products */ = {
			isa = PBXGroup;
			children = (
				080EDEF121B6DA7E00813479 /* EssentialFeed.framework */,
				080EDEFA21B6DA7E00813479 /* EssentialFeedTests.xctest */,
				CC95D31F2E7C1CBB00C1EC0F /* EssentialFeedAPIEndToEndTests.xctest */,
				CC0502902EA14CF500CB94FB /* EssentialFeedCacheIntegrationTests.xctest */,
				CC25E99A2EBF8CD500024FF3 /* EssentialFeediOS.framework */,
				CC25E9A42EBF8CD600024FF3 /* EssentialFeediOSTests.xctest */,
			);
			name = Products;
			sourceTree = "<group>";
		};
		080EDEF321B6DA7E00813479 /* EssentialFeed */ = {
			isa = PBXGroup;
			children = (
				080EDEF521B6DA7E00813479 /* Info.plist */,
				080EDF1021B6DFA200813479 /* Feed Feature */,
				CC2D4AB62E697488009CE9F1 /* Feed API */,
				CC55C0252E8B0BC400DBE516 /* FeedCache */,
				CCDBFA612F5384CA002279B1 /* Feed Presentation */,
			);
			path = EssentialFeed;
			sourceTree = "<group>";
		};
		080EDEFE21B6DA7E00813479 /* EssentialFeedTests */ = {
			isa = PBXGroup;
			children = (
				CCDBF9B02F50B5A1002279B1 /* Feed Presentation */,
				CC5AB9622E78172A00590488 /* Helpers */,
				CC55C0182E8928E800DBE516 /* FeedCache */,
				CC2D4AC52E6E0D23009CE9F1 /* Feed API */,
				080EDF0121B6DA7E00813479 /* Info.plist */,
			);
			path = EssentialFeedTests;
			sourceTree = "<group>";
		};
		080EDF1021B6DFA200813479 /* Feed Feature */ = {
			isa = PBXGroup;
			children = (
				080EDF0B21B6DAE800813479 /* FeedImage.swift */,
				080EDF0D21B6DCB600813479 /* FeedLoader.swift */,
				CC34F2042F255B9F00C6A28C /* FeedImageDataLoader.swift */,
			);
			path = "Feed Feature";
			sourceTree = "<group>";
		};
		CC05027B2EA1452300CB94FB /* Infrastructure */ = {
			isa = PBXGroup;
			children = (
				CC05027D2EA1456C00CB94FB /* Codable */,
				CC05027C2EA1452A00CB94FB /* CoreData */,
			);
			path = Infrastructure;
			sourceTree = "<group>";
		};
		CC05027C2EA1452A00CB94FB /* CoreData */ = {
			isa = PBXGroup;
			children = (
				CC0502692E9FF8C300CB94FB /* CoreDataFeedStore.swift */,
				CCB16BC02F9D40DB0044DC8F /* CoreDataFeedStore+FeedStore.swift */,
				CCB16BBE2F9D3C670044DC8F /* CoreDataFeedStore+FeedImageDataLoader.swift */,
				CC05027E2EA145DB00CB94FB /* CoreDataHelpers.swift */,
				CC0502802EA1466A00CB94FB /* ManagedCache.swift */,
				CC0502822EA1468100CB94FB /* ManagedFeedImage.swift */,
				CC0502712E9FFBFA00CB94FB /* FeedStore.xcdatamodeld */,
			);
			path = CoreData;
			sourceTree = "<group>";
		};
		CC05027D2EA1456C00CB94FB /* Codable */ = {
			isa = PBXGroup;
			children = (
				CC2A7B602E97A5FF004D6804 /* CodableFeedStore.swift */,
			);
			path = Codable;
			sourceTree = "<group>";
		};
		CC11D7F12F4E089900FB93CF /* Helpers */ = {
			isa = PBXGroup;
			children = (
				CC11D7F82F4E0A6900FB93CF /* UIRefreshControl+Helpers.swift */,
				CC34F21B2F255B9F00C6A28C /* UIImageView+Animations.swift */,
				CC34F21C2F255B9F00C6A28C /* UITableView+Dequeueing.swift */,
				CC34F21D2F255B9F00C6A28C /* UIView+Shimmering.swift */,
			);
			path = Helpers;
			sourceTree = "<group>";
		};
		CC17B7512E9E40AD00E828EE /* FeedStoreSpecs */ = {
			isa = PBXGroup;
			children = (
				CC17B7432E9D556200E828EE /* FeedStoreSpecs.swift */,
				CC17B7492E9D593600E828EE /* XCTestCase+FeedStoreSpecs.swift */,
				CC17B74B2E9E3E7400E828EE /* XCTestCase+FailableRetrieveFeedStoreSpecs.swift */,
				CC17B74D2E9E3F1000E828EE /* XCTestCase+FailableInsertFeedStoreSpecs.swift */,
				CC17B74F2E9E402D00E828EE /* XCTestCase+FailableDeleteFeedStoreSpecs.swift */,
			);
			path = FeedStoreSpecs;
			sourceTree = "<group>";
		};
		CC2D4AB62E697488009CE9F1 /* Feed API */ = {
			isa = PBXGroup;
			children = (
				CCAF06002F98CBCA00F8709C /* Helpers */,
				CC2D4AB72E6974B2009CE9F1 /* RemoteFeedLoader.swift */,
				CC2D4AC32E6DFECF009CE9F1 /* FeedItemsMapper.swift */,
				CC55C0382E8C35FE00DBE516 /* RemoteFeedItem.swift */,
				CCAF05FE2F98C53C00F8709C /* RemoteFeedImageDataLoader.swift */,
				CC2D4AC12E6DFE5E009CE9F1 /* HTTPClient.swift */,
				CC5AB9652E786E8A00590488 /* URLSessionHTTPClient.swift */,
			);
			path = "Feed API";
			sourceTree = "<group>";
		};
		CC2D4AC52E6E0D23009CE9F1 /* Feed API */ = {
			isa = PBXGroup;
			children = (
				CCAF05FB2F98C3B500F8709C /* Helpers */,
				CC10F0012F6DDFA0008AAE68 /* LoadFeedImageDataFromRemoteUseCaseTests.swift */,
				CC5AB9602E746AF900590488 /* URLSessionHTTPClientTests.swift */,
				CC2D4AB42E6772DB009CE9F1 /* LoadFeedFromRemoteUseCaseTests.swift */,
			);
			path = "Feed API";
			sourceTree = "<group>";
		};
		CC3386482EC8F7C0000F3153 /* Frameworks */ = {
			isa = PBXGroup;
			children = (
			);
			name = Frameworks;
			sourceTree = "<group>";
		};
		CC34F2142F255B9F00C6A28C /* Composers */ = {
			isa = PBXGroup;
			children = (
				CC34F2102F255B9F00C6A28C /* FeedUIComposer.swift */,
				CC34F20E2F255B9F00C6A28C /* FeedImageDataLoaderPresentationAdapter.swift */,
				CC34F20F2F255B9F00C6A28C /* FeedLoaderPresentationAdapter.swift */,
				CC34F2112F255B9F00C6A28C /* FeedViewAdapter.swift */,
				CC34F2122F255B9F00C6A28C /* MainQueueDispatchDecorator.swift */,
				CC34F2132F255B9F00C6A28C /* WeakRefVirtualProxy.swift */,
			);
			path = Composers;
			sourceTree = "<group>";
		};
		CC34F2172F255B9F00C6A28C /* Controllers */ = {
			isa = PBXGroup;
			children = (
				CC34F2162F255B9F00C6A28C /* FeedViewController.swift */,
				CC34F2152F255B9F00C6A28C /* FeedImageCellController.swift */,
			);
			path = Controllers;
			sourceTree = "<group>";
		};
		CC34F21E2F255B9F00C6A28C /* Views */ = {
			isa = PBXGroup;
			children = (
				CC11D7F12F4E089900FB93CF /* Helpers */,
				CC34F2182F255B9F00C6A28C /* Feed.storyboard */,
				CC34F2192F255B9F00C6A28C /* Feed.xcassets */,
				CC11D7EE2F4CC32F00FB93CF /* ErrorView.swift */,
				CC34F21A2F255B9F00C6A28C /* FeedImageCell.swift */,
			);
			path = Views;
			sourceTree = "<group>";
		};
		CC34F21F2F255B9F00C6A28C /* FeedUI */ = {
			isa = PBXGroup;
			children = (
				CC34F2142F255B9F00C6A28C /* Composers */,
				CC34F2172F255B9F00C6A28C /* Controllers */,
				CC34F21E2F255B9F00C6A28C /* Views */,
			);
			path = FeedUI;
			sourceTree = "<group>";
		};
		CC34F2202F255B9F00C6A28C /* EssentialFeediOS */ = {
			isa = PBXGroup;
			children = (
				CC34F21F2F255B9F00C6A28C /* FeedUI */,
			);
			path = EssentialFeediOS;
			sourceTree = "<group>";
		};
		CC55C0182E8928E800DBE516 /* FeedCache */ = {
			isa = PBXGroup;
			children = (
				CC6A627B2E8E65570088122B /* Helpers */,
				CC17B7512E9E40AD00E828EE /* FeedStoreSpecs */,
				CCB16BBB2F9D38AA0044DC8F /* CoreDataFeedImageDataStoreTests.swift */,
				CCB16BB92F9D36BF0044DC8F /* CacheFeedImageDataUseCaseTests.swift */,
				CCAF063F2F98CFE200F8709C /* LoadFeedImageDataFromCacheUseCaseTests.swift */,
				CC55C0192E8928F400DBE516 /* CacheFeedUseCaseTests.swift */,
				CC6A62792E8E63540088122B /* LoadFeedFromCacheUseCaseTests.swift */,
				CC6A627E2E901F060088122B /* ValidateFeedCacheUseCaseTests.swift */,
				CC6A62FB2E94FC420088122B /* CodableFeedStoreTests.swift */,
				CC0502682E9FF7C000CB94FB /* CoreDataFeedStoreTests.swift */,
			);
			path = FeedCache;
			sourceTree = "<group>";
		};
		CC55C0252E8B0BC400DBE516 /* FeedCache */ = {
			isa = PBXGroup;
			children = (
				CC05027B2EA1452300CB94FB /* Infrastructure */,
				CC55C0262E8B0BD400DBE516 /* LocalFeedLoader.swift */,
				CC55C0282E8B0CAD00DBE516 /* FeedStore.swift */,
				CC55C03A2E8C366C00DBE516 /* LocalFeedImage.swift */,
				CC6A62852E92A1150088122B /* FeedCachePolicy.swift */,
				CCAF06432F98D42300F8709C /* LocalFeedImageDataLoader.swift */,
				CCAF06412F98D40600F8709C /* FeedImageDataStore.swift */,
			);
			path = FeedCache;
			sourceTree = "<group>";
		};
		CC5AB9622E78172A00590488 /* Helpers */ = {
			isa = PBXGroup;
			children = (
				CC6A62822E928B180088122B /* SharedTestHelpers.swift */,
				CC5AB9632E78173F00590488 /* XCTestCase+MemoryLeakTracking.swift */,
			);
			path = Helpers;
			sourceTree = "<group>";
		};
		CC6A627B2E8E65570088122B /* Helpers */ = {
			isa = PBXGroup;
			children = (
				CCB16BB62F9D35ED0044DC8F /* FeedImageDataStoreSpy.swift */,
				CC6A627C2E8E65670088122B /* FeedStoreSpy.swift */,
				CC6A62802E9289C30088122B /* FeedCacheTestHelpers.swift */,
			);
			path = Helpers;
			sourceTree = "<group>";
		};
		CCAF05FB2F98C3B500F8709C /* Helpers */ = {
			isa = PBXGroup;
			children = (
				CCAF05FC2F98C3C200F8709C /* HTTPClientSpy.swift */,
				CCAF06032F98CC6800F8709C /* URLProtocolStub.swift */,
			);
			path = Helpers;
			sourceTree = "<group>";
		};
		CCAF06002F98CBCA00F8709C /* Helpers */ = {
			isa = PBXGroup;
			children = (
				CCAF06012F98CBD300F8709C /* HTTPURLResponse+StatusCode.swift */,
			);
			path = Helpers;
			sourceTree = "<group>";
		};
		CCDBF9B02F50B5A1002279B1 /* Feed Presentation */ = {
			isa = PBXGroup;
			children = (
				CCDBFA6C2F538BEE002279B1 /* FeedImagePresenterTests.swift */,
				CCDBF9B12F50B5B8002279B1 /* FeedPresenterTests.swift */,
				CCDBFA412F538146002279B1 /* FeedLocalizationTests.swift */,
			);
			path = "Feed Presentation";
			sourceTree = "<group>";
		};
		CCDBFA612F5384CA002279B1 /* Feed Presentation */ = {
			isa = PBXGroup;
			children = (
				CCDBFA702F539406002279B1 /* FeedImageViewModel.swift */,
				CCDBFA6E2F53937F002279B1 /* FeedImagePresenter.swift */,
				CCDBFA692F5386C5002279B1 /* FeedErrorViewModel.swift */,
				CCDBFA672F538685002279B1 /* FeedLoadingViewModel.swift */,
				CCDBFA652F538634002279B1 /* FeedViewModel.swift */,
				CCDBFA622F53850D002279B1 /* FeedPresenter.swift */,
				CCDBFA5C2F5383BD002279B1 /* Feed.strings */,
			);
			path = "Feed Presentation";
			sourceTree = "<group>";
		};
/* End PBXGroup section */

/* Begin PBXHeadersBuildPhase section */
		080EDEEC21B6DA7E00813479 /* Headers */ = {
			isa = PBXHeadersBuildPhase;
			buildActionMask = 2147483647;
			files = (
			);
			runOnlyForDeploymentPostprocessing = 0;
		};
		CC25E9952EBF8CD500024FF3 /* Headers */ = {
			isa = PBXHeadersBuildPhase;
			buildActionMask = 2147483647;
			files = (
			);
			runOnlyForDeploymentPostprocessing = 0;
		};
/* End PBXHeadersBuildPhase section */

/* Begin PBXNativeTarget section */
		080EDEF021B6DA7E00813479 /* EssentialFeed */ = {
			isa = PBXNativeTarget;
			buildConfigurationList = 080EDF0521B6DA7E00813479 /* Build configuration list for PBXNativeTarget "EssentialFeed" */;
			buildPhases = (
				080EDEEC21B6DA7E00813479 /* Headers */,
				080EDEED21B6DA7E00813479 /* Sources */,
				080EDEEE21B6DA7E00813479 /* Frameworks */,
				080EDEEF21B6DA7E00813479 /* Resources */,
			);
			buildRules = (
			);
			dependencies = (
			);
			name = EssentialFeed;
			productName = EssentialFeed;
			productReference = 080EDEF121B6DA7E00813479 /* EssentialFeed.framework */;
			productType = "com.apple.product-type.framework";
		};
		080EDEF921B6DA7E00813479 /* EssentialFeedTests */ = {
			isa = PBXNativeTarget;
			buildConfigurationList = 080EDF0821B6DA7E00813479 /* Build configuration list for PBXNativeTarget "EssentialFeedTests" */;
			buildPhases = (
				080EDEF621B6DA7E00813479 /* Sources */,
				080EDEF721B6DA7E00813479 /* Frameworks */,
				080EDEF821B6DA7E00813479 /* Resources */,
			);
			buildRules = (
			);
			dependencies = (
				080EDEFD21B6DA7E00813479 /* PBXTargetDependency */,
			);
			name = EssentialFeedTests;
			productName = EssentialFeedTests;
			productReference = 080EDEFA21B6DA7E00813479 /* EssentialFeedTests.xctest */;
			productType = "com.apple.product-type.bundle.unit-test";
		};
		CC05028F2EA14CF500CB94FB /* EssentialFeedCacheIntegrationTests */ = {
			isa = PBXNativeTarget;
			buildConfigurationList = CC0502992EA14CF500CB94FB /* Build configuration list for PBXNativeTarget "EssentialFeedCacheIntegrationTests" */;
			buildPhases = (
				CC05028C2EA14CF500CB94FB /* Sources */,
				CC05028D2EA14CF500CB94FB /* Frameworks */,
				CC05028E2EA14CF500CB94FB /* Resources */,
			);
			buildRules = (
			);
			dependencies = (
				CC0502962EA14CF500CB94FB /* PBXTargetDependency */,
			);
			fileSystemSynchronizedGroups = (
				CC0502912EA14CF500CB94FB /* EssentialFeedCacheIntegrationTests */,
			);
			name = EssentialFeedCacheIntegrationTests;
			packageProductDependencies = (
			);
			productName = EssentialFeedCacheIntegrationTests;
			productReference = CC0502902EA14CF500CB94FB /* EssentialFeedCacheIntegrationTests.xctest */;
			productType = "com.apple.product-type.bundle.unit-test";
		};
		CC25E9992EBF8CD500024FF3 /* EssentialFeediOS */ = {
			isa = PBXNativeTarget;
			buildConfigurationList = CC25E9AB2EBF8CD600024FF3 /* Build configuration list for PBXNativeTarget "EssentialFeediOS" */;
			buildPhases = (
				CC25E9952EBF8CD500024FF3 /* Headers */,
				CC25E9962EBF8CD500024FF3 /* Sources */,
				CC25E9972EBF8CD500024FF3 /* Frameworks */,
				CC25E9982EBF8CD500024FF3 /* Resources */,
				CC33864D2EC8F7C0000F3153 /* Embed Frameworks */,
			);
			buildRules = (
			);
			dependencies = (
				CC33864C2EC8F7C0000F3153 /* PBXTargetDependency */,
			);
			name = EssentialFeediOS;
			packageProductDependencies = (
			);
			productName = EssentialFeediOS;
			productReference = CC25E99A2EBF8CD500024FF3 /* EssentialFeediOS.framework */;
			productType = "com.apple.product-type.framework";
		};
		CC25E9A32EBF8CD600024FF3 /* EssentialFeediOSTests */ = {
			isa = PBXNativeTarget;
			buildConfigurationList = CC25E9AE2EBF8CD600024FF3 /* Build configuration list for PBXNativeTarget "EssentialFeediOSTests" */;
			buildPhases = (
				CC25E9A02EBF8CD600024FF3 /* Sources */,
				CC25E9A12EBF8CD600024FF3 /* Frameworks */,
				CC25E9A22EBF8CD600024FF3 /* Resources */,
			);
			buildRules = (
			);
			dependencies = (
				CC25E9A72EBF8CD600024FF3 /* PBXTargetDependency */,
			);
			fileSystemSynchronizedGroups = (
				CC25E9A82EBF8CD600024FF3 /* EssentialFeediOSTests */,
			);
			name = EssentialFeediOSTests;
			packageProductDependencies = (
			);
			productName = EssentialFeediOSTests;
			productReference = CC25E9A42EBF8CD600024FF3 /* EssentialFeediOSTests.xctest */;
			productType = "com.apple.product-type.bundle.unit-test";
		};
		CC95D31E2E7C1CBB00C1EC0F /* EssentialFeedAPIEndToEndTests */ = {
			isa = PBXNativeTarget;
			buildConfigurationList = CC95D3282E7C1CBB00C1EC0F /* Build configuration list for PBXNativeTarget "EssentialFeedAPIEndToEndTests" */;
			buildPhases = (
				CC95D31B2E7C1CBB00C1EC0F /* Sources */,
				CC95D31C2E7C1CBB00C1EC0F /* Frameworks */,
				CC95D31D2E7C1CBB00C1EC0F /* Resources */,
			);
			buildRules = (
			);
			dependencies = (
				CC95D3252E7C1CBB00C1EC0F /* PBXTargetDependency */,
			);
			fileSystemSynchronizedGroups = (
				CC95D3202E7C1CBB00C1EC0F /* EssentialFeedAPIEndToEndTests */,
			);
			name = EssentialFeedAPIEndToEndTests;
			packageProductDependencies = (
			);
			productName = EssentialFeedAPIEndToEndTests;
			productReference = CC95D31F2E7C1CBB00C1EC0F /* EssentialFeedAPIEndToEndTests.xctest */;
			productType = "com.apple.product-type.bundle.unit-test";
		};
/* End PBXNativeTarget section */

/* Begin PBXProject section */
		080EDEE821B6DA7E00813479 /* Project object */ = {
			isa = PBXProject;
			attributes = {
				BuildIndependentTargetsInParallel = YES;
				LastSwiftUpdateCheck = 1640;
				LastUpgradeCheck = 1600;
				ORGANIZATIONNAME = "";
				TargetAttributes = {
					080EDEF021B6DA7E00813479 = {
						CreatedOnToolsVersion = 10.1;
						LastSwiftMigration = 1540;
					};
					080EDEF921B6DA7E00813479 = {
						CreatedOnToolsVersion = 10.1;
						LastSwiftMigration = 1540;
					};
					CC05028F2EA14CF500CB94FB = {
						CreatedOnToolsVersion = 26.0;
					};
					CC25E9992EBF8CD500024FF3 = {
						CreatedOnToolsVersion = 16.4;
						LastSwiftMigration = 1640;
					};
					CC25E9A32EBF8CD600024FF3 = {
						CreatedOnToolsVersion = 16.4;
						LastSwiftMigration = 1640;
					};
					CC95D31E2E7C1CBB00C1EC0F = {
						CreatedOnToolsVersion = 26.0;
					};
				};
			};
			buildConfigurationList = 080EDEEB21B6DA7E00813479 /* Build configuration list for PBXProject "EssentialFeed" */;
			compatibilityVersion = "Xcode 13.0";
			developmentRegion = en;
			hasScannedForEncodings = 0;
			knownRegions = (
				en,
				Base,
				"pt-PT",
				el,
			);
			mainGroup = 080EDEE721B6DA7E00813479;
			productRefGroup = 080EDEF221B6DA7E00813479 /* Products */;
			projectDirPath = "";
			projectRoot = "";
			targets = (
				080EDEF021B6DA7E00813479 /* EssentialFeed */,
				080EDEF921B6DA7E00813479 /* EssentialFeedTests */,
				CC95D31E2E7C1CBB00C1EC0F /* EssentialFeedAPIEndToEndTests */,
				CC05028F2EA14CF500CB94FB /* EssentialFeedCacheIntegrationTests */,
				CC25E9992EBF8CD500024FF3 /* EssentialFeediOS */,
				CC25E9A32EBF8CD600024FF3 /* EssentialFeediOSTests */,
			);
		};
/* End PBXProject section */

/* Begin PBXResourcesBuildPhase section */
		080EDEEF21B6DA7E00813479 /* Resources */ = {
			isa = PBXResourcesBuildPhase;
			buildActionMask = 2147483647;
			files = (
				CCDBFA642F538601002279B1 /* Feed.strings in Resources */,
				CC55C0172E87F64700DBE516 /* README.md in Resources */,
			);
			runOnlyForDeploymentPostprocessing = 0;
		};
		080EDEF821B6DA7E00813479 /* Resources */ = {
			isa = PBXResourcesBuildPhase;
			buildActionMask = 2147483647;
			files = (
			);
			runOnlyForDeploymentPostprocessing = 0;
		};
		CC05028E2EA14CF500CB94FB /* Resources */ = {
			isa = PBXResourcesBuildPhase;
			buildActionMask = 2147483647;
			files = (
			);
			runOnlyForDeploymentPostprocessing = 0;
		};
		CC25E9982EBF8CD500024FF3 /* Resources */ = {
			isa = PBXResourcesBuildPhase;
			buildActionMask = 2147483647;
			files = (
				CC34F2322F255B9F00C6A28C /* Feed.storyboard in Resources */,
				CC34F2332F255B9F00C6A28C /* Feed.xcassets in Resources */,
			);
			runOnlyForDeploymentPostprocessing = 0;
		};
		CC25E9A22EBF8CD600024FF3 /* Resources */ = {
			isa = PBXResourcesBuildPhase;
			buildActionMask = 2147483647;
			files = (
			);
			runOnlyForDeploymentPostprocessing = 0;
		};
		CC95D31D2E7C1CBB00C1EC0F /* Resources */ = {
			isa = PBXResourcesBuildPhase;
			buildActionMask = 2147483647;
			files = (
			);
			runOnlyForDeploymentPostprocessing = 0;
		};
/* End PBXResourcesBuildPhase section */

/* Begin PBXSourcesBuildPhase section */
		080EDEED21B6DA7E00813479 /* Sources */ = {
			isa = PBXSourcesBuildPhase;
			buildActionMask = 2147483647;
			files = (
				CCDBFA662F538638002279B1 /* FeedViewModel.swift in Sources */,
				CC05027F2EA145DB00CB94FB /* CoreDataHelpers.swift in Sources */,
				080EDF0E21B6DCB600813479 /* FeedLoader.swift in Sources */,
				CCDBFA6A2F5386C5002279B1 /* FeedErrorViewModel.swift in Sources */,
				CCDBFA6F2F53937F002279B1 /* FeedImagePresenter.swift in Sources */,
				CC2D4AC42E6DFED4009CE9F1 /* FeedItemsMapper.swift in Sources */,
				CC55C0392E8C360700DBE516 /* RemoteFeedItem.swift in Sources */,
				CCDBFA632F538512002279B1 /* FeedPresenter.swift in Sources */,
				CC6A62862E92A11B0088122B /* FeedCachePolicy.swift in Sources */,
				CCDBFA682F53868A002279B1 /* FeedLoadingViewModel.swift in Sources */,
				CC2D4AB82E6974B8009CE9F1 /* RemoteFeedLoader.swift in Sources */,
				CC0502732E9FFBFA00CB94FB /* FeedStore.xcdatamodeld in Sources */,
				CC10F0002F6DDD9F008AAE68 /* FeedImageDataLoader.swift in Sources */,
				CC55C03B2E8C367300DBE516 /* LocalFeedImage.swift in Sources */,
				CCB16BC12F9D40DD0044DC8F /* CoreDataFeedStore+FeedStore.swift in Sources */,
				CC55C0292E8B0CB000DBE516 /* FeedStore.swift in Sources */,
				CC55C0272E8B0BD900DBE516 /* LocalFeedLoader.swift in Sources */,
				CCAF06422F98D40800F8709C /* FeedImageDataStore.swift in Sources */,
				CCAF06022F98CBD500F8709C /* HTTPURLResponse+StatusCode.swift in Sources */,
				CCB16BBF2F9D3C6A0044DC8F /* CoreDataFeedStore+FeedImageDataLoader.swift in Sources */,
				CC2A7B612E97A603004D6804 /* CodableFeedStore.swift in Sources */,
				CC2D4AC22E6DFE62009CE9F1 /* HTTPClient.swift in Sources */,
				080EDF0C21B6DAE800813479 /* FeedImage.swift in Sources */,
				CC5AB9662E786E8D00590488 /* URLSessionHTTPClient.swift in Sources */,
				CCDBFA712F539406002279B1 /* FeedImageViewModel.swift in Sources */,
				CCAF05FF2F98C54000F8709C /* RemoteFeedImageDataLoader.swift in Sources */,
				CCAF06442F98D42400F8709C /* LocalFeedImageDataLoader.swift in Sources */,
				CC0502812EA1466A00CB94FB /* ManagedCache.swift in Sources */,
				CC05026A2E9FF8CC00CB94FB /* CoreDataFeedStore.swift in Sources */,
				CC0502832EA1468100CB94FB /* ManagedFeedImage.swift in Sources */,
			);
			runOnlyForDeploymentPostprocessing = 0;
		};
		080EDEF621B6DA7E00813479 /* Sources */ = {
			isa = PBXSourcesBuildPhase;
			buildActionMask = 2147483647;
			files = (
				CC6A62FC2E94FC4A0088122B /* CodableFeedStoreTests.swift in Sources */,
				CC6A62812E9289D10088122B /* FeedCacheTestHelpers.swift in Sources */,
				CCDBFA6B2F538B89002279B1 /* FeedLocalizationTests.swift in Sources */,
				CCAF06052F98CCAA00F8709C /* URLProtocolStub.swift in Sources */,
				CCDBFA6D2F538BF1002279B1 /* FeedImagePresenterTests.swift in Sources */,
				CC6A627F2E901F1F0088122B /* ValidateFeedCacheUseCaseTests.swift in Sources */,
				CCB16BBC2F9D38AC0044DC8F /* CoreDataFeedImageDataStoreTests.swift in Sources */,
				CCB16BBA2F9D36C20044DC8F /* CacheFeedImageDataUseCaseTests.swift in Sources */,
				CC2D4AB52E6772EA009CE9F1 /* LoadFeedFromRemoteUseCaseTests.swift in Sources */,
				CC17B74E2E9E3F1400E828EE /* XCTestCase+FailableInsertFeedStoreSpecs.swift in Sources */,
				CC5AB9612E746B0100590488 /* URLSessionHTTPClientTests.swift in Sources */,
				CCDBF9B22F50B5BE002279B1 /* FeedPresenterTests.swift in Sources */,
				CC6A627D2E8E656C0088122B /* FeedStoreSpy.swift in Sources */,
				CC10F0022F6DDFA4008AAE68 /* LoadFeedImageDataFromRemoteUseCaseTests.swift in Sources */,
				CC6A62842E928B1D0088122B /* SharedTestHelpers.swift in Sources */,
				CC55C01A2E89290900DBE516 /* CacheFeedUseCaseTests.swift in Sources */,
				CC17B7502E9E403200E828EE /* XCTestCase+FailableDeleteFeedStoreSpecs.swift in Sources */,
				CC17B74C2E9E3E7900E828EE /* XCTestCase+FailableRetrieveFeedStoreSpecs.swift in Sources */,
				CC6A627A2E8E63670088122B /* LoadFeedFromCacheUseCaseTests.swift in Sources */,
				CCAF06402F98CFE600F8709C /* LoadFeedImageDataFromCacheUseCaseTests.swift in Sources */,
				CCB16BB82F9D35EE0044DC8F /* FeedImageDataStoreSpy.swift in Sources */,
				CC17B7442E9D556600E828EE /* FeedStoreSpecs.swift in Sources */,
				CC5AB9642E78177200590488 /* XCTestCase+MemoryLeakTracking.swift in Sources */,
				CC05026D2E9FF95C00CB94FB /* CoreDataFeedStoreTests.swift in Sources */,
				CCAF05FD2F98C3C600F8709C /* HTTPClientSpy.swift in Sources */,
				CC17B74A2E9D593A00E828EE /* XCTestCase+FeedStoreSpecs.swift in Sources */,
			);
			runOnlyForDeploymentPostprocessing = 0;
		};
		CC05028C2EA14CF500CB94FB /* Sources */ = {
			isa = PBXSourcesBuildPhase;
			buildActionMask = 2147483647;
			files = (
				CC8931F92EA232AA00BE5C3D /* SharedTestHelpers.swift in Sources */,
				CCB16BB72F9D35EE0044DC8F /* FeedImageDataStoreSpy.swift in Sources */,
				CC8931F82EA2329C00BE5C3D /* FeedCacheTestHelpers.swift in Sources */,
				CC05029D2EA22FB500CB94FB /* XCTestCase+MemoryLeakTracking.swift in Sources */,
			);
			runOnlyForDeploymentPostprocessing = 0;
		};
		CC25E9962EBF8CD500024FF3 /* Sources */ = {
			isa = PBXSourcesBuildPhase;
			buildActionMask = 2147483647;
			files = (
				CC11D7EF2F4CC33300FB93CF /* ErrorView.swift in Sources */,
				CC34F2252F255B9F00C6A28C /* FeedImageDataLoaderPresentationAdapter.swift in Sources */,
				CC34F2262F255B9F00C6A28C /* FeedLoaderPresentationAdapter.swift in Sources */,
				CC34F2272F255B9F00C6A28C /* FeedUIComposer.swift in Sources */,
				CC34F2282F255B9F00C6A28C /* FeedViewAdapter.swift in Sources */,
				CC11D7F92F4E0A6D00FB93CF /* UIRefreshControl+Helpers.swift in Sources */,
				CC34F2292F255B9F00C6A28C /* MainQueueDispatchDecorator.swift in Sources */,
				CC34F22A2F255B9F00C6A28C /* WeakRefVirtualProxy.swift in Sources */,
				CC34F22B2F255B9F00C6A28C /* FeedImageCellController.swift in Sources */,
				CC34F22C2F255B9F00C6A28C /* FeedViewController.swift in Sources */,
				CC34F22D2F255B9F00C6A28C /* FeedImageCell.swift in Sources */,
				CC34F22E2F255B9F00C6A28C /* UIImageView+Animations.swift in Sources */,
				CC34F22F2F255B9F00C6A28C /* UITableView+Dequeueing.swift in Sources */,
				CC34F2302F255B9F00C6A28C /* UIView+Shimmering.swift in Sources */,
			);
			runOnlyForDeploymentPostprocessing = 0;
		};
		CC25E9A02EBF8CD600024FF3 /* Sources */ = {
			isa = PBXSourcesBuildPhase;
			buildActionMask = 2147483647;
			files = (
				CC33864E2EC8F871000F3153 /* XCTestCase+MemoryLeakTracking.swift in Sources */,
			);
			runOnlyForDeploymentPostprocessing = 0;
		};
		CC95D31B2E7C1CBB00C1EC0F /* Sources */ = {
			isa = PBXSourcesBuildPhase;
			buildActionMask = 2147483647;
			files = (
				CC95D32B2E7C25E400C1EC0F /* XCTestCase+MemoryLeakTracking.swift in Sources */,
				CC6A62832E928B1D0088122B /* SharedTestHelpers.swift in Sources */,
			);
			runOnlyForDeploymentPostprocessing = 0;
		};
/* End PBXSourcesBuildPhase section */

/* Begin PBXTargetDependency section */
		080EDEFD21B6DA7E00813479 /* PBXTargetDependency */ = {
			isa = PBXTargetDependency;
			target = 080EDEF021B6DA7E00813479 /* EssentialFeed */;
			targetProxy = 080EDEFC21B6DA7E00813479 /* PBXContainerItemProxy */;
		};
		CC0502962EA14CF500CB94FB /* PBXTargetDependency */ = {
			isa = PBXTargetDependency;
			target = 080EDEF021B6DA7E00813479 /* EssentialFeed */;
			targetProxy = CC0502952EA14CF500CB94FB /* PBXContainerItemProxy */;
		};
		CC25E9A72EBF8CD600024FF3 /* PBXTargetDependency */ = {
			isa = PBXTargetDependency;
			target = CC25E9992EBF8CD500024FF3 /* EssentialFeediOS */;
			targetProxy = CC25E9A62EBF8CD600024FF3 /* PBXContainerItemProxy */;
		};
		CC33864C2EC8F7C0000F3153 /* PBXTargetDependency */ = {
			isa = PBXTargetDependency;
			platformFilter = ios;
			target = 080EDEF021B6DA7E00813479 /* EssentialFeed */;
			targetProxy = CC33864B2EC8F7C0000F3153 /* PBXContainerItemProxy */;
		};
		CC95D3252E7C1CBB00C1EC0F /* PBXTargetDependency */ = {
			isa = PBXTargetDependency;
			target = 080EDEF021B6DA7E00813479 /* EssentialFeed */;
			targetProxy = CC95D3242E7C1CBB00C1EC0F /* PBXContainerItemProxy */;
		};
/* End PBXTargetDependency section */

/* Begin PBXVariantGroup section */
		CCDBFA5C2F5383BD002279B1 /* Feed.strings */ = {
			isa = PBXVariantGroup;
			children = (
				CCDBFA5D2F5383BD002279B1 /* en */,
				CCDBFA5F2F5383D3002279B1 /* el */,
				CCDBFA602F5383D8002279B1 /* pt-PT */,
			);
			name = Feed.strings;
			sourceTree = "<group>";
		};
/* End PBXVariantGroup section */

/* Begin XCBuildConfiguration section */
		080EDF0321B6DA7E00813479 /* Debug */ = {
			isa = XCBuildConfiguration;
			buildSettings = {
				ALWAYS_SEARCH_USER_PATHS = NO;
				ASSETCATALOG_COMPILER_GENERATE_SWIFT_ASSET_SYMBOL_EXTENSIONS = YES;
				CLANG_ANALYZER_LOCALIZABILITY_NONLOCALIZED = YES;
				CLANG_ANALYZER_NONNULL = YES;
				CLANG_ANALYZER_NUMBER_OBJECT_CONVERSION = YES_AGGRESSIVE;
				CLANG_CXX_LANGUAGE_STANDARD = "gnu++14";
				CLANG_CXX_LIBRARY = "libc++";
				CLANG_ENABLE_MODULES = YES;
				CLANG_ENABLE_OBJC_ARC = YES;
				CLANG_ENABLE_OBJC_WEAK = YES;
				CLANG_WARN_BLOCK_CAPTURE_AUTORELEASING = YES;
				CLANG_WARN_BOOL_CONVERSION = YES;
				CLANG_WARN_COMMA = YES;
				CLANG_WARN_CONSTANT_CONVERSION = YES;
				CLANG_WARN_DEPRECATED_OBJC_IMPLEMENTATIONS = YES;
				CLANG_WARN_DIRECT_OBJC_ISA_USAGE = YES_ERROR;
				CLANG_WARN_DOCUMENTATION_COMMENTS = YES;
				CLANG_WARN_EMPTY_BODY = YES;
				CLANG_WARN_ENUM_CONVERSION = YES;
				CLANG_WARN_INFINITE_RECURSION = YES;
				CLANG_WARN_INT_CONVERSION = YES;
				CLANG_WARN_NON_LITERAL_NULL_CONVERSION = YES;
				CLANG_WARN_OBJC_IMPLICIT_RETAIN_SELF = YES;
				CLANG_WARN_OBJC_LITERAL_CONVERSION = YES;
				CLANG_WARN_OBJC_ROOT_CLASS = YES_ERROR;
				CLANG_WARN_QUOTED_INCLUDE_IN_FRAMEWORK_HEADER = YES;
				CLANG_WARN_RANGE_LOOP_ANALYSIS = YES;
				CLANG_WARN_STRICT_PROTOTYPES = YES;
				CLANG_WARN_SUSPICIOUS_MOVE = YES;
				CLANG_WARN_UNGUARDED_AVAILABILITY = YES_AGGRESSIVE;
				CLANG_WARN_UNREACHABLE_CODE = YES;
				CLANG_WARN__DUPLICATE_METHOD_MATCH = YES;
				CODE_SIGN_IDENTITY = "Mac Developer";
				COPY_PHASE_STRIP = NO;
				CURRENT_PROJECT_VERSION = 1;
				DEAD_CODE_STRIPPING = YES;
				DEBUG_INFORMATION_FORMAT = dwarf;
				ENABLE_STRICT_OBJC_MSGSEND = YES;
				ENABLE_TESTABILITY = YES;
				ENABLE_USER_SCRIPT_SANDBOXING = YES;
				GCC_C_LANGUAGE_STANDARD = gnu11;
				GCC_DYNAMIC_NO_PIC = NO;
				GCC_NO_COMMON_BLOCKS = YES;
				GCC_OPTIMIZATION_LEVEL = 0;
				GCC_PREPROCESSOR_DEFINITIONS = (
					"DEBUG=1",
					"$(inherited)",
				);
				GCC_WARN_64_TO_32_BIT_CONVERSION = YES;
				GCC_WARN_ABOUT_RETURN_TYPE = YES_ERROR;
				GCC_WARN_UNDECLARED_SELECTOR = YES;
				GCC_WARN_UNINITIALIZED_AUTOS = YES_AGGRESSIVE;
				GCC_WARN_UNUSED_FUNCTION = YES;
				GCC_WARN_UNUSED_VARIABLE = YES;
				MACOSX_DEPLOYMENT_TARGET = 14.0;
				MTL_ENABLE_DEBUG_INFO = INCLUDE_SOURCE;
				MTL_FAST_MATH = YES;
				ONLY_ACTIVE_ARCH = YES;
				SDKROOT = macosx;
				SWIFT_ACTIVE_COMPILATION_CONDITIONS = DEBUG;
				SWIFT_OPTIMIZATION_LEVEL = "-Onone";
				SWIFT_STRICT_CONCURRENCY = minimal;
				SWIFT_VERSION = 5.0;
				VERSIONING_SYSTEM = "apple-generic";
				VERSION_INFO_PREFIX = "";
			};
			name = Debug;
		};
		080EDF0421B6DA7E00813479 /* Release */ = {
			isa = XCBuildConfiguration;
			buildSettings = {
				ALWAYS_SEARCH_USER_PATHS = NO;
				ASSETCATALOG_COMPILER_GENERATE_SWIFT_ASSET_SYMBOL_EXTENSIONS = YES;
				CLANG_ANALYZER_LOCALIZABILITY_NONLOCALIZED = YES;
				CLANG_ANALYZER_NONNULL = YES;
				CLANG_ANALYZER_NUMBER_OBJECT_CONVERSION = YES_AGGRESSIVE;
				CLANG_CXX_LANGUAGE_STANDARD = "gnu++14";
				CLANG_CXX_LIBRARY = "libc++";
				CLANG_ENABLE_MODULES = YES;
				CLANG_ENABLE_OBJC_ARC = YES;
				CLANG_ENABLE_OBJC_WEAK = YES;
				CLANG_WARN_BLOCK_CAPTURE_AUTORELEASING = YES;
				CLANG_WARN_BOOL_CONVERSION = YES;
				CLANG_WARN_COMMA = YES;
				CLANG_WARN_CONSTANT_CONVERSION = YES;
				CLANG_WARN_DEPRECATED_OBJC_IMPLEMENTATIONS = YES;
				CLANG_WARN_DIRECT_OBJC_ISA_USAGE = YES_ERROR;
				CLANG_WARN_DOCUMENTATION_COMMENTS = YES;
				CLANG_WARN_EMPTY_BODY = YES;
				CLANG_WARN_ENUM_CONVERSION = YES;
				CLANG_WARN_INFINITE_RECURSION = YES;
				CLANG_WARN_INT_CONVERSION = YES;
				CLANG_WARN_NON_LITERAL_NULL_CONVERSION = YES;
				CLANG_WARN_OBJC_IMPLICIT_RETAIN_SELF = YES;
				CLANG_WARN_OBJC_LITERAL_CONVERSION = YES;
				CLANG_WARN_OBJC_ROOT_CLASS = YES_ERROR;
				CLANG_WARN_QUOTED_INCLUDE_IN_FRAMEWORK_HEADER = YES;
				CLANG_WARN_RANGE_LOOP_ANALYSIS = YES;
				CLANG_WARN_STRICT_PROTOTYPES = YES;
				CLANG_WARN_SUSPICIOUS_MOVE = YES;
				CLANG_WARN_UNGUARDED_AVAILABILITY = YES_AGGRESSIVE;
				CLANG_WARN_UNREACHABLE_CODE = YES;
				CLANG_WARN__DUPLICATE_METHOD_MATCH = YES;
				CODE_SIGN_IDENTITY = "Mac Developer";
				COPY_PHASE_STRIP = NO;
				CURRENT_PROJECT_VERSION = 1;
				DEAD_CODE_STRIPPING = YES;
				DEBUG_INFORMATION_FORMAT = "dwarf-with-dsym";
				ENABLE_NS_ASSERTIONS = NO;
				ENABLE_STRICT_OBJC_MSGSEND = YES;
				ENABLE_USER_SCRIPT_SANDBOXING = YES;
				GCC_C_LANGUAGE_STANDARD = gnu11;
				GCC_NO_COMMON_BLOCKS = YES;
				GCC_WARN_64_TO_32_BIT_CONVERSION = YES;
				GCC_WARN_ABOUT_RETURN_TYPE = YES_ERROR;
				GCC_WARN_UNDECLARED_SELECTOR = YES;
				GCC_WARN_UNINITIALIZED_AUTOS = YES_AGGRESSIVE;
				GCC_WARN_UNUSED_FUNCTION = YES;
				GCC_WARN_UNUSED_VARIABLE = YES;
				MACOSX_DEPLOYMENT_TARGET = 14.0;
				MTL_ENABLE_DEBUG_INFO = NO;
				MTL_FAST_MATH = YES;
				SDKROOT = macosx;
				SWIFT_COMPILATION_MODE = wholemodule;
				SWIFT_OPTIMIZATION_LEVEL = "-O";
				SWIFT_STRICT_CONCURRENCY = minimal;
				SWIFT_VERSION = 5.0;
				VERSIONING_SYSTEM = "apple-generic";
				VERSION_INFO_PREFIX = "";
			};
			name = Release;
		};
		080EDF0621B6DA7E00813479 /* Debug */ = {
			isa = XCBuildConfiguration;
			buildSettings = {
				CLANG_ENABLE_MODULES = YES;
				CODE_SIGN_IDENTITY = "";
				CODE_SIGN_STYLE = Automatic;
				COMBINE_HIDPI_IMAGES = YES;
				DEAD_CODE_STRIPPING = YES;
				DEFINES_MODULE = YES;
				DEVELOPMENT_TEAM = "";
				DYLIB_COMPATIBILITY_VERSION = 1;
				DYLIB_CURRENT_VERSION = 1;
				DYLIB_INSTALL_NAME_BASE = "@rpath";
				ENABLE_MODULE_VERIFIER = YES;
				FRAMEWORK_VERSION = A;
				INFOPLIST_FILE = EssentialFeed/Info.plist;
				INSTALL_PATH = "$(LOCAL_LIBRARY_DIR)/Frameworks";
				IPHONEOS_DEPLOYMENT_TARGET = 18.6;
				LD_RUNPATH_SEARCH_PATHS = (
					"$(inherited)",
					"@executable_path/../Frameworks",
					"@loader_path/Frameworks",
				);
				MACOSX_DEPLOYMENT_TARGET = 15.6;
				MODULE_VERIFIER_SUPPORTED_LANGUAGE_STANDARDS = "gnu11 gnu++14";
				PRODUCT_BUNDLE_IDENTIFIER = com.essentialdeveloper.EssentialFeed;
				PRODUCT_NAME = "$(TARGET_NAME:c99extidentifier)";
				SKIP_INSTALL = YES;
				SUPPORTED_PLATFORMS = "macosx iphonesimulator iphoneos";
				SWIFT_OPTIMIZATION_LEVEL = "-Onone";
			};
			name = Debug;
		};
		080EDF0721B6DA7E00813479 /* Release */ = {
			isa = XCBuildConfiguration;
			buildSettings = {
				CLANG_ENABLE_MODULES = YES;
				CODE_SIGN_IDENTITY = "";
				CODE_SIGN_STYLE = Automatic;
				COMBINE_HIDPI_IMAGES = YES;
				DEAD_CODE_STRIPPING = YES;
				DEFINES_MODULE = YES;
				DEVELOPMENT_TEAM = "";
				DYLIB_COMPATIBILITY_VERSION = 1;
				DYLIB_CURRENT_VERSION = 1;
				DYLIB_INSTALL_NAME_BASE = "@rpath";
				ENABLE_MODULE_VERIFIER = YES;
				FRAMEWORK_VERSION = A;
				INFOPLIST_FILE = EssentialFeed/Info.plist;
				INSTALL_PATH = "$(LOCAL_LIBRARY_DIR)/Frameworks";
				IPHONEOS_DEPLOYMENT_TARGET = 18.6;
				LD_RUNPATH_SEARCH_PATHS = (
					"$(inherited)",
					"@executable_path/../Frameworks",
					"@loader_path/Frameworks",
				);
				MACOSX_DEPLOYMENT_TARGET = 15.6;
				MODULE_VERIFIER_SUPPORTED_LANGUAGE_STANDARDS = "gnu11 gnu++14";
				PRODUCT_BUNDLE_IDENTIFIER = com.essentialdeveloper.EssentialFeed;
				PRODUCT_NAME = "$(TARGET_NAME:c99extidentifier)";
				SKIP_INSTALL = YES;
				SUPPORTED_PLATFORMS = "macosx iphonesimulator iphoneos";
			};
			name = Release;
		};
		080EDF0921B6DA7E00813479 /* Debug */ = {
			isa = XCBuildConfiguration;
			buildSettings = {
				CLANG_ENABLE_MODULES = YES;
				"CODE_SIGN_IDENTITY[sdk=macosx*]" = "-";
				CODE_SIGN_STYLE = Automatic;
				COMBINE_HIDPI_IMAGES = YES;
				DEAD_CODE_STRIPPING = YES;
				DEVELOPMENT_TEAM = "";
				INFOPLIST_FILE = EssentialFeedTests/Info.plist;
				IPHONEOS_DEPLOYMENT_TARGET = 18.6;
				LD_RUNPATH_SEARCH_PATHS = (
					"$(inherited)",
					"@executable_path/../Frameworks",
					"@loader_path/../Frameworks",
				);
				PRODUCT_BUNDLE_IDENTIFIER = com.essentialdeveloper.EssentialFeedTests;
				PRODUCT_NAME = "$(TARGET_NAME)";
				SUPPORTED_PLATFORMS = "macosx iphonesimulator iphoneos";
				SWIFT_OPTIMIZATION_LEVEL = "-Onone";
				SWIFT_VERSION = 5.0;
			};
			name = Debug;
		};
		080EDF0A21B6DA7E00813479 /* Release */ = {
			isa = XCBuildConfiguration;
			buildSettings = {
				CLANG_ENABLE_MODULES = YES;
				"CODE_SIGN_IDENTITY[sdk=macosx*]" = "-";
				CODE_SIGN_STYLE = Automatic;
				COMBINE_HIDPI_IMAGES = YES;
				DEAD_CODE_STRIPPING = YES;
				DEVELOPMENT_TEAM = "";
				INFOPLIST_FILE = EssentialFeedTests/Info.plist;
				IPHONEOS_DEPLOYMENT_TARGET = 18.6;
				LD_RUNPATH_SEARCH_PATHS = (
					"$(inherited)",
					"@executable_path/../Frameworks",
					"@loader_path/../Frameworks",
				);
				PRODUCT_BUNDLE_IDENTIFIER = com.essentialdeveloper.EssentialFeedTests;
				PRODUCT_NAME = "$(TARGET_NAME)";
				SUPPORTED_PLATFORMS = "macosx iphonesimulator iphoneos";
				SWIFT_VERSION = 5.0;
			};
			name = Release;
		};
		CC0502972EA14CF500CB94FB /* Debug */ = {
			isa = XCBuildConfiguration;
			buildSettings = {
				CLANG_CXX_LANGUAGE_STANDARD = "gnu++20";
				CODE_SIGN_STYLE = Automatic;
				CURRENT_PROJECT_VERSION = 1;
				DEVELOPMENT_TEAM = 46SMG2YCZW;
				GCC_C_LANGUAGE_STANDARD = gnu17;
				GENERATE_INFOPLIST_FILE = YES;
				IPHONEOS_DEPLOYMENT_TARGET = 18.6;
				LOCALIZATION_PREFERS_STRING_CATALOGS = YES;
				MACOSX_DEPLOYMENT_TARGET = 15.5;
				MARKETING_VERSION = 1.0;
				PRODUCT_BUNDLE_IDENTIFIER = MarcosAlvarez.EssentialFeedCacheIntegrationTests;
				PRODUCT_NAME = "$(TARGET_NAME)";
				STRING_CATALOG_GENERATE_SYMBOLS = NO;
				SUPPORTED_PLATFORMS = "macosx iphonesimulator iphoneos";
				SWIFT_ACTIVE_COMPILATION_CONDITIONS = "DEBUG $(inherited)";
				SWIFT_APPROACHABLE_CONCURRENCY = YES;
				SWIFT_EMIT_LOC_STRINGS = NO;
				SWIFT_UPCOMING_FEATURE_MEMBER_IMPORT_VISIBILITY = YES;
				SWIFT_VERSION = 5.0;
			};
			name = Debug;
		};
		CC0502982EA14CF500CB94FB /* Release */ = {
			isa = XCBuildConfiguration;
			buildSettings = {
				CLANG_CXX_LANGUAGE_STANDARD = "gnu++20";
				CODE_SIGN_STYLE = Automatic;
				CURRENT_PROJECT_VERSION = 1;
				DEVELOPMENT_TEAM = 46SMG2YCZW;
				GCC_C_LANGUAGE_STANDARD = gnu17;
				GENERATE_INFOPLIST_FILE = YES;
				IPHONEOS_DEPLOYMENT_TARGET = 18.6;
				LOCALIZATION_PREFERS_STRING_CATALOGS = YES;
				MACOSX_DEPLOYMENT_TARGET = 15.5;
				MARKETING_VERSION = 1.0;
				PRODUCT_BUNDLE_IDENTIFIER = MarcosAlvarez.EssentialFeedCacheIntegrationTests;
				PRODUCT_NAME = "$(TARGET_NAME)";
				STRING_CATALOG_GENERATE_SYMBOLS = NO;
				SUPPORTED_PLATFORMS = "macosx iphonesimulator iphoneos";
				SWIFT_APPROACHABLE_CONCURRENCY = YES;
				SWIFT_EMIT_LOC_STRINGS = NO;
				SWIFT_UPCOMING_FEATURE_MEMBER_IMPORT_VISIBILITY = YES;
				SWIFT_VERSION = 5.0;
			};
			name = Release;
		};
		CC25E9AC2EBF8CD600024FF3 /* Debug */ = {
			isa = XCBuildConfiguration;
			buildSettings = {
				BUILD_LIBRARY_FOR_DISTRIBUTION = YES;
				CLANG_CXX_LANGUAGE_STANDARD = "gnu++20";
				CLANG_ENABLE_MODULES = YES;
				CODE_SIGN_STYLE = Automatic;
				CURRENT_PROJECT_VERSION = 1;
				DEFINES_MODULE = YES;
				DEVELOPMENT_TEAM = 46SMG2YCZW;
				DYLIB_COMPATIBILITY_VERSION = 1;
				DYLIB_CURRENT_VERSION = 1;
				DYLIB_INSTALL_NAME_BASE = "@rpath";
				ENABLE_MODULE_VERIFIER = YES;
				GCC_C_LANGUAGE_STANDARD = gnu17;
				GENERATE_INFOPLIST_FILE = YES;
				INFOPLIST_KEY_NSHumanReadableCopyright = "";
				INSTALL_PATH = "$(LOCAL_LIBRARY_DIR)/Frameworks";
				IPHONEOS_DEPLOYMENT_TARGET = 18.6;
				LD_RUNPATH_SEARCH_PATHS = (
					"$(inherited)",
					"@executable_path/Frameworks",
					"@loader_path/Frameworks",
				);
				LOCALIZATION_PREFERS_STRING_CATALOGS = YES;
				MARKETING_VERSION = 1.0;
				MODULE_VERIFIER_SUPPORTED_LANGUAGES = "objective-c objective-c++";
				MODULE_VERIFIER_SUPPORTED_LANGUAGE_STANDARDS = "gnu17 gnu++20";
				PRODUCT_BUNDLE_IDENTIFIER = MarcosAlvarez.EssentialFeediOS;
				PRODUCT_NAME = "$(TARGET_NAME:c99extidentifier)";
				SDKROOT = iphoneos;
				SKIP_INSTALL = YES;
				SWIFT_ACTIVE_COMPILATION_CONDITIONS = "DEBUG $(inherited)";
				SWIFT_EMIT_LOC_STRINGS = YES;
				SWIFT_INSTALL_MODULE = YES;
				SWIFT_INSTALL_OBJC_HEADER = NO;
				SWIFT_OPTIMIZATION_LEVEL = "-Onone";
				SWIFT_VERSION = 5.0;
				TARGETED_DEVICE_FAMILY = "1,2";
			};
			name = Debug;
		};
		CC25E9AD2EBF8CD600024FF3 /* Release */ = {
			isa = XCBuildConfiguration;
			buildSettings = {
				BUILD_LIBRARY_FOR_DISTRIBUTION = YES;
				CLANG_CXX_LANGUAGE_STANDARD = "gnu++20";
				CLANG_ENABLE_MODULES = YES;
				CODE_SIGN_STYLE = Automatic;
				CURRENT_PROJECT_VERSION = 1;
				DEFINES_MODULE = YES;
				DEVELOPMENT_TEAM = 46SMG2YCZW;
				DYLIB_COMPATIBILITY_VERSION = 1;
				DYLIB_CURRENT_VERSION = 1;
				DYLIB_INSTALL_NAME_BASE = "@rpath";
				ENABLE_MODULE_VERIFIER = YES;
				GCC_C_LANGUAGE_STANDARD = gnu17;
				GENERATE_INFOPLIST_FILE = YES;
				INFOPLIST_KEY_NSHumanReadableCopyright = "";
				INSTALL_PATH = "$(LOCAL_LIBRARY_DIR)/Frameworks";
				IPHONEOS_DEPLOYMENT_TARGET = 18.6;
				LD_RUNPATH_SEARCH_PATHS = (
					"$(inherited)",
					"@executable_path/Frameworks",
					"@loader_path/Frameworks",
				);
				LOCALIZATION_PREFERS_STRING_CATALOGS = YES;
				MARKETING_VERSION = 1.0;
				MODULE_VERIFIER_SUPPORTED_LANGUAGES = "objective-c objective-c++";
				MODULE_VERIFIER_SUPPORTED_LANGUAGE_STANDARDS = "gnu17 gnu++20";
				PRODUCT_BUNDLE_IDENTIFIER = MarcosAlvarez.EssentialFeediOS;
				PRODUCT_NAME = "$(TARGET_NAME:c99extidentifier)";
				SDKROOT = iphoneos;
				SKIP_INSTALL = YES;
				SWIFT_EMIT_LOC_STRINGS = YES;
				SWIFT_INSTALL_MODULE = YES;
				SWIFT_INSTALL_OBJC_HEADER = NO;
				SWIFT_VERSION = 5.0;
				TARGETED_DEVICE_FAMILY = "1,2";
				VALIDATE_PRODUCT = YES;
			};
			name = Release;
		};
		CC25E9AF2EBF8CD600024FF3 /* Debug */ = {
			isa = XCBuildConfiguration;
			buildSettings = {
				CLANG_CXX_LANGUAGE_STANDARD = "gnu++20";
				CLANG_ENABLE_MODULES = YES;
				CODE_SIGN_STYLE = Automatic;
				CURRENT_PROJECT_VERSION = 1;
				DEVELOPMENT_TEAM = 46SMG2YCZW;
				GCC_C_LANGUAGE_STANDARD = gnu17;
				GENERATE_INFOPLIST_FILE = YES;
				IPHONEOS_DEPLOYMENT_TARGET = 18.6;
				LOCALIZATION_PREFERS_STRING_CATALOGS = YES;
				MARKETING_VERSION = 1.0;
				PRODUCT_BUNDLE_IDENTIFIER = MarcosAlvarez.EssentialFeediOSTests;
				PRODUCT_NAME = "$(TARGET_NAME)";
				SDKROOT = iphoneos;
				SWIFT_ACTIVE_COMPILATION_CONDITIONS = "DEBUG $(inherited)";
				SWIFT_EMIT_LOC_STRINGS = NO;
				SWIFT_OPTIMIZATION_LEVEL = "-Onone";
				SWIFT_VERSION = 5.0;
				TARGETED_DEVICE_FAMILY = "1,2";
			};
			name = Debug;
		};
		CC25E9B02EBF8CD600024FF3 /* Release */ = {
			isa = XCBuildConfiguration;
			buildSettings = {
				CLANG_CXX_LANGUAGE_STANDARD = "gnu++20";
				CLANG_ENABLE_MODULES = YES;
				CODE_SIGN_STYLE = Automatic;
				CURRENT_PROJECT_VERSION = 1;
				DEVELOPMENT_TEAM = 46SMG2YCZW;
				GCC_C_LANGUAGE_STANDARD = gnu17;
				GENERATE_INFOPLIST_FILE = YES;
				IPHONEOS_DEPLOYMENT_TARGET = 18.6;
				LOCALIZATION_PREFERS_STRING_CATALOGS = YES;
				MARKETING_VERSION = 1.0;
				PRODUCT_BUNDLE_IDENTIFIER = MarcosAlvarez.EssentialFeediOSTests;
				PRODUCT_NAME = "$(TARGET_NAME)";
				SDKROOT = iphoneos;
				SWIFT_EMIT_LOC_STRINGS = NO;
				SWIFT_VERSION = 5.0;
				TARGETED_DEVICE_FAMILY = "1,2";
				VALIDATE_PRODUCT = YES;
			};
			name = Release;
		};
		CC95D3262E7C1CBB00C1EC0F /* Debug */ = {
			isa = XCBuildConfiguration;
			buildSettings = {
				CLANG_CXX_LANGUAGE_STANDARD = "gnu++20";
				CODE_SIGN_STYLE = Automatic;
				CURRENT_PROJECT_VERSION = 1;
				DEVELOPMENT_TEAM = 46SMG2YCZW;
				GCC_C_LANGUAGE_STANDARD = gnu17;
				GENERATE_INFOPLIST_FILE = YES;
				IPHONEOS_DEPLOYMENT_TARGET = 18.6;
				LOCALIZATION_PREFERS_STRING_CATALOGS = YES;
				MACOSX_DEPLOYMENT_TARGET = 15.0;
				MARKETING_VERSION = 1.0;
				PRODUCT_BUNDLE_IDENTIFIER = MarcosAlvarez.EssentialFeedAPIEndToEndTests;
				PRODUCT_NAME = "$(TARGET_NAME)";
				STRING_CATALOG_GENERATE_SYMBOLS = NO;
				SUPPORTED_PLATFORMS = "macosx iphoneos iphonesimulator";
				SWIFT_ACTIVE_COMPILATION_CONDITIONS = "DEBUG $(inherited)";
				SWIFT_APPROACHABLE_CONCURRENCY = YES;
				SWIFT_EMIT_LOC_STRINGS = NO;
				SWIFT_UPCOMING_FEATURE_MEMBER_IMPORT_VISIBILITY = YES;
				SWIFT_VERSION = 5.0;
			};
			name = Debug;
		};
		CC95D3272E7C1CBB00C1EC0F /* Release */ = {
			isa = XCBuildConfiguration;
			buildSettings = {
				CLANG_CXX_LANGUAGE_STANDARD = "gnu++20";
				CODE_SIGN_STYLE = Automatic;
				CURRENT_PROJECT_VERSION = 1;
				DEVELOPMENT_TEAM = 46SMG2YCZW;
				GCC_C_LANGUAGE_STANDARD = gnu17;
				GENERATE_INFOPLIST_FILE = YES;
				IPHONEOS_DEPLOYMENT_TARGET = 18.6;
				LOCALIZATION_PREFERS_STRING_CATALOGS = YES;
				MACOSX_DEPLOYMENT_TARGET = 15.0;
				MARKETING_VERSION = 1.0;
				PRODUCT_BUNDLE_IDENTIFIER = MarcosAlvarez.EssentialFeedAPIEndToEndTests;
				PRODUCT_NAME = "$(TARGET_NAME)";
				STRING_CATALOG_GENERATE_SYMBOLS = NO;
				SUPPORTED_PLATFORMS = "macosx iphoneos iphonesimulator";
				SWIFT_APPROACHABLE_CONCURRENCY = YES;
				SWIFT_EMIT_LOC_STRINGS = NO;
				SWIFT_UPCOMING_FEATURE_MEMBER_IMPORT_VISIBILITY = YES;
				SWIFT_VERSION = 5.0;
			};
			name = Release;
		};
/* End XCBuildConfiguration section */

/* Begin XCConfigurationList section */
		080EDEEB21B6DA7E00813479 /* Build configuration list for PBXProject "EssentialFeed" */ = {
			isa = XCConfigurationList;
			buildConfigurations = (
				080EDF0321B6DA7E00813479 /* Debug */,
				080EDF0421B6DA7E00813479 /* Release */,
			);
			defaultConfigurationIsVisible = 0;
			defaultConfigurationName = Release;
		};
		080EDF0521B6DA7E00813479 /* Build configuration list for PBXNativeTarget "EssentialFeed" */ = {
			isa = XCConfigurationList;
			buildConfigurations = (
				080EDF0621B6DA7E00813479 /* Debug */,
				080EDF0721B6DA7E00813479 /* Release */,
			);
			defaultConfigurationIsVisible = 0;
			defaultConfigurationName = Release;
		};
		080EDF0821B6DA7E00813479 /* Build configuration list for PBXNativeTarget "EssentialFeedTests" */ = {
			isa = XCConfigurationList;
			buildConfigurations = (
				080EDF0921B6DA7E00813479 /* Debug */,
				080EDF0A21B6DA7E00813479 /* Release */,
			);
			defaultConfigurationIsVisible = 0;
			defaultConfigurationName = Release;
		};
		CC0502992EA14CF500CB94FB /* Build configuration list for PBXNativeTarget "EssentialFeedCacheIntegrationTests" */ = {
			isa = XCConfigurationList;
			buildConfigurations = (
				CC0502972EA14CF500CB94FB /* Debug */,
				CC0502982EA14CF500CB94FB /* Release */,
			);
			defaultConfigurationIsVisible = 0;
			defaultConfigurationName = Release;
		};
		CC25E9AB2EBF8CD600024FF3 /* Build configuration list for PBXNativeTarget "EssentialFeediOS" */ = {
			isa = XCConfigurationList;
			buildConfigurations = (
				CC25E9AC2EBF8CD600024FF3 /* Debug */,
				CC25E9AD2EBF8CD600024FF3 /* Release */,
			);
			defaultConfigurationIsVisible = 0;
			defaultConfigurationName = Release;
		};
		CC25E9AE2EBF8CD600024FF3 /* Build configuration list for PBXNativeTarget "EssentialFeediOSTests" */ = {
			isa = XCConfigurationList;
			buildConfigurations = (
				CC25E9AF2EBF8CD600024FF3 /* Debug */,
				CC25E9B02EBF8CD600024FF3 /* Release */,
			);
			defaultConfigurationIsVisible = 0;
			defaultConfigurationName = Release;
		};
		CC95D3282E7C1CBB00C1EC0F /* Build configuration list for PBXNativeTarget "EssentialFeedAPIEndToEndTests" */ = {
			isa = XCConfigurationList;
			buildConfigurations = (
				CC95D3262E7C1CBB00C1EC0F /* Debug */,
				CC95D3272E7C1CBB00C1EC0F /* Release */,
			);
			defaultConfigurationIsVisible = 0;
			defaultConfigurationName = Release;
		};
/* End XCConfigurationList section */

/* Begin XCVersionGroup section */
		CC0502712E9FFBFA00CB94FB /* FeedStore.xcdatamodeld */ = {
			isa = XCVersionGroup;
			children = (
				CCB16BBD2F9D3AD80044DC8F /* FeedStore2.xcdatamodel */,
				CC0502722E9FFBFA00CB94FB /* FeedStore.xcdatamodel */,
			);
			currentVersion = CCB16BBD2F9D3AD80044DC8F /* FeedStore2.xcdatamodel */;
			path = FeedStore.xcdatamodeld;
			sourceTree = "<group>";
			versionGroupType = wrapper.xcdatamodel;
		};
/* End XCVersionGroup section */
	};
	rootObject = 080EDEE821B6DA7E00813479 /* Project object */;
}
