// !$*UTF8*$!
{
	archiveVersion = 1;
	classes = {
	};
	objectVersion = 77;
	objects = {

/* Begin PBXBuildFile section */
		CC33B8112FF44421004D2794 /* SceneDelegateTests.swift in Sources */ = {isa = PBXBuildFile; fileRef = CC33B8102FF44411004D2794 /* SceneDelegateTests.swift */; };
		CC33B8392FF44849004D2794 /* FeedImageDataLoaderPresentationAdapter.swift in Sources */ = {isa = PBXBuildFile; fileRef = CC33B8332FF44849004D2794 /* FeedImageDataLoaderPresentationAdapter.swift */; };
		CC33B83A2FF44849004D2794 /* FeedViewAdapter.swift in Sources */ = {isa = PBXBuildFile; fileRef = CC33B8352FF44849004D2794 /* FeedViewAdapter.swift */; };
		CC33B83B2FF44849004D2794 /* FeedUIComposer.swift in Sources */ = {isa = PBXBuildFile; fileRef = CC33B8322FF44849004D2794 /* FeedUIComposer.swift */; };
		CC33B83C2FF44849004D2794 /* MainQueueDispatchDecorator.swift in Sources */ = {isa = PBXBuildFile; fileRef = CC33B8362FF44849004D2794 /* MainQueueDispatchDecorator.swift */; };
		CC33B83D2FF44849004D2794 /* FeedLoaderPresentationAdapter.swift in Sources */ = {isa = PBXBuildFile; fileRef = CC33B8342FF44849004D2794 /* FeedLoaderPresentationAdapter.swift */; };
		CC33B83F2FF44849004D2794 /* WeakRefVirtualProxy.swift in Sources */ = {isa = PBXBuildFile; fileRef = CC33B8372FF44849004D2794 /* WeakRefVirtualProxy.swift */; };
		CC33B8492FF44889004D2794 /* UIButton+TestHelpers.swift in Sources */ = {isa = PBXBuildFile; fileRef = CC33B8452FF44889004D2794 /* UIButton+TestHelpers.swift */; };
		CC33B84A2FF44889004D2794 /* UIControl+TestHelpers.swift in Sources */ = {isa = PBXBuildFile; fileRef = CC33B8462FF44889004D2794 /* UIControl+TestHelpers.swift */; };
		CC33B84B2FF44889004D2794 /* FeedImageCell+TestHelpers.swift in Sources */ = {isa = PBXBuildFile; fileRef = CC33B8402FF44889004D2794 /* FeedImageCell+TestHelpers.swift */; };
		CC33B84C2FF44889004D2794 /* FeedUIIntegrationTests+Localization.swift in Sources */ = {isa = PBXBuildFile; fileRef = CC33B8412FF44889004D2794 /* FeedUIIntegrationTests+Localization.swift */; };
		CC33B84D2FF44889004D2794 /* UIImage+TestHelpers.swift in Sources */ = {isa = PBXBuildFile; fileRef = CC33B8472FF44889004D2794 /* UIImage+TestHelpers.swift */; };
		CC33B84E2FF44889004D2794 /* FeedViewControllerTests+Assertions.swift in Sources */ = {isa = PBXBuildFile; fileRef = CC33B8432FF44889004D2794 /* FeedViewControllerTests+Assertions.swift */; };
		CC33B84F2FF44889004D2794 /* FeedViewControllerTests+LoaderSpy.swift in Sources */ = {isa = PBXBuildFile; fileRef = CC33B8442FF44889004D2794 /* FeedViewControllerTests+LoaderSpy.swift */; };
		CC33B8502FF44889004D2794 /* UIRefreshControl+TestHelpers.swift in Sources */ = {isa = PBXBuildFile; fileRef = CC33B8482FF44889004D2794 /* UIRefreshControl+TestHelpers.swift */; };
		CC33B8512FF44889004D2794 /* FeedViewController+TestHelpers.swift in Sources */ = {isa = PBXBuildFile; fileRef = CC33B8422FF44889004D2794 /* FeedViewController+TestHelpers.swift */; };
		CC33B8532FF448AB004D2794 /* FeedUIIntegrationTests.swift in Sources */ = {isa = PBXBuildFile; fileRef = CC33B8522FF448AB004D2794 /* FeedUIIntegrationTests.swift */; };
		CC33B8562FF44C88004D2794 /* FeedAcceptanceTests.swift in Sources */ = {isa = PBXBuildFile; fileRef = CC33B8552FF44C88004D2794 /* FeedAcceptanceTests.swift */; };
		CC33B8582FF45EC3004D2794 /* HTTPClientStub.swift in Sources */ = {isa = PBXBuildFile; fileRef = CC33B8572FF45EC1004D2794 /* HTTPClientStub.swift */; };
		CC33B85A2FF45F3D004D2794 /* InMemoryFeedStore.swift in Sources */ = {isa = PBXBuildFile; fileRef = CC33B8592FF45F3C004D2794 /* InMemoryFeedStore.swift */; };
		CC353AAA2FF6D80200E2D1E7 /* UIView+TestHelpers.swift in Sources */ = {isa = PBXBuildFile; fileRef = CC353AA92FF6D7F700E2D1E7 /* UIView+TestHelpers.swift */; };
		CC353F552FF83F7200E2D1E7 /* Assets.xcassets in Resources */ = {isa = PBXBuildFile; fileRef = CC353F542FF83F7200E2D1E7 /* Assets.xcassets */; };
		CC52D4662F9D59F1007A9C39 /* EssentialFeed.framework in Frameworks */ = {isa = PBXBuildFile; fileRef = CC52D4642F9D59F1007A9C39 /* EssentialFeed.framework */; };
		CC52D4672F9D59F1007A9C39 /* EssentialFeed.framework in Embed Frameworks */ = {isa = PBXBuildFile; fileRef = CC52D4642F9D59F1007A9C39 /* EssentialFeed.framework */; settings = {ATTRIBUTES = (CodeSignOnCopy, RemoveHeadersOnCopy, ); }; };
		CC52D4682F9D59F1007A9C39 /* EssentialFeediOS.framework in Frameworks */ = {isa = PBXBuildFile; fileRef = CC52D4652F9D59F1007A9C39 /* EssentialFeediOS.framework */; };
		CC52D4692F9D59F1007A9C39 /* EssentialFeediOS.framework in Embed Frameworks */ = {isa = PBXBuildFile; fileRef = CC52D4652F9D59F1007A9C39 /* EssentialFeediOS.framework */; settings = {ATTRIBUTES = (CodeSignOnCopy, RemoveHeadersOnCopy, ); }; };
		CCC5488B2FE4532E003AFC37 /* LaunchScreen.storyboard in Resources */ = {isa = PBXBuildFile; fileRef = CCC548832FE4532E003AFC37 /* LaunchScreen.storyboard */; };
		CCC5488C2FE4532E003AFC37 /* Main.storyboard in Resources */ = {isa = PBXBuildFile; fileRef = CCC548852FE4532E003AFC37 /* Main.storyboard */; };
		CCC5488D2FE4532E003AFC37 /* AppDelegate.swift in Sources */ = {isa = PBXBuildFile; fileRef = CCC5487A2FE4532E003AFC37 /* AppDelegate.swift */; };
		CCC5488F2FE4532E003AFC37 /* FeedImageDataLoaderCacheDecorator.swift in Sources */ = {isa = PBXBuildFile; fileRef = CCC5487D2FE4532E003AFC37 /* FeedImageDataLoaderCacheDecorator.swift */; };
		CCC548902FE4532E003AFC37 /* FeedImageDataLoaderWithFallbackComposite.swift in Sources */ = {isa = PBXBuildFile; fileRef = CCC5487E2FE4532E003AFC37 /* FeedImageDataLoaderWithFallbackComposite.swift */; };
		CCC548912FE4532E003AFC37 /* FeedLoaderCacheDecorator.swift in Sources */ = {isa = PBXBuildFile; fileRef = CCC5487F2FE4532E003AFC37 /* FeedLoaderCacheDecorator.swift */; };
		CCC548922FE4532E003AFC37 /* FeedLoaderWithFallbackComposite.swift in Sources */ = {isa = PBXBuildFile; fileRef = CCC548802FE4532E003AFC37 /* FeedLoaderWithFallbackComposite.swift */; };
		CCC548932FE4532E003AFC37 /* SceneDelegate.swift in Sources */ = {isa = PBXBuildFile; fileRef = CCC548862FE4532E003AFC37 /* SceneDelegate.swift */; };
		CCC548EC2FE99E14003AFC37 /* FeedImageDataLoaderSpy.swift in Sources */ = {isa = PBXBuildFile; fileRef = CCC548E02FE99E14003AFC37 /* FeedImageDataLoaderSpy.swift */; };
		CCC548ED2FE99E14003AFC37 /* FeedLoaderStub.swift in Sources */ = {isa = PBXBuildFile; fileRef = CCC548E12FE99E14003AFC37 /* FeedLoaderStub.swift */; };
		CCC548EE2FE99E14003AFC37 /* SharedTestHelpers.swift in Sources */ = {isa = PBXBuildFile; fileRef = CCC548E22FE99E14003AFC37 /* SharedTestHelpers.swift */; };
		CCC548EF2FE99E14003AFC37 /* XCTestCase+FeedImageDataLoader.swift in Sources */ = {isa = PBXBuildFile; fileRef = CCC548E32FE99E14003AFC37 /* XCTestCase+FeedImageDataLoader.swift */; };
		CCC548F02FE99E14003AFC37 /* XCTestCase+FeedLoader.swift in Sources */ = {isa = PBXBuildFile; fileRef = CCC548E42FE99E14003AFC37 /* XCTestCase+FeedLoader.swift */; };
		CCC548F12FE99E14003AFC37 /* XCTestCase+MemoryLeakTracking.swift in Sources */ = {isa = PBXBuildFile; fileRef = CCC548E52FE99E14003AFC37 /* XCTestCase+MemoryLeakTracking.swift */; };
		CCC548F22FE99E14003AFC37 /* FeedImageDataLoaderCacheDecoratorTests.swift in Sources */ = {isa = PBXBuildFile; fileRef = CCC548E72FE99E14003AFC37 /* FeedImageDataLoaderCacheDecoratorTests.swift */; };
		CCC548F32FE99E14003AFC37 /* FeedImageDataLoaderWithFallbackCompositeTests.swift in Sources */ = {isa = PBXBuildFile; fileRef = CCC548E82FE99E14003AFC37 /* FeedImageDataLoaderWithFallbackCompositeTests.swift */; };
		CCC548F42FE99E14003AFC37 /* FeedLoaderCacheDecoratorTests.swift in Sources */ = {isa = PBXBuildFile; fileRef = CCC548E92FE99E14003AFC37 /* FeedLoaderCacheDecoratorTests.swift */; };
		CCC548F52FE99E14003AFC37 /* FeedLoaderWithFallbackCompositeTests.swift in Sources */ = {isa = PBXBuildFile; fileRef = CCC548EA2FE99E14003AFC37 /* FeedLoaderWithFallbackCompositeTests.swift */; };
/* End PBXBuildFile section */

/* Begin PBXContainerItemProxy section */
		CCB16C1A2F9D510B0044DC8F /* PBXContainerItemProxy */ = {
			isa = PBXContainerItemProxy;
			containerPortal = CCB16BFB2F9D51090044DC8F /* Project object */;
			proxyType = 1;
			remoteGlobalIDString = CCB16C022F9D51090044DC8F;
			remoteInfo = EssentialApp;
		};
/* End PBXContainerItemProxy section */

/* Begin PBXCopyFilesBuildPhase section */
		CC52D46A2F9D59F2007A9C39 /* Embed Frameworks */ = {
			isa = PBXCopyFilesBuildPhase;
			buildActionMask = 2147483647;
			dstPath = "";
			dstSubfolderSpec = 10;
			files = (
				CC52D4672F9D59F1007A9C39 /* EssentialFeed.framework in Embed Frameworks */,
				CC52D4692F9D59F1007A9C39 /* EssentialFeediOS.framework in Embed Frameworks */,
			);
			name = "Embed Frameworks";
			runOnlyForDeploymentPostprocessing = 0;
		};
/* End PBXCopyFilesBuildPhase section */

/* Begin PBXFileReference section */
		CC33B8102FF44411004D2794 /* SceneDelegateTests.swift */ = {isa = PBXFileReference; lastKnownFileType = sourcecode.swift; path = SceneDelegateTests.swift; sourceTree = "<group>"; };
		CC33B8322FF44849004D2794 /* FeedUIComposer.swift */ = {isa = PBXFileReference; lastKnownFileType = sourcecode.swift; path = FeedUIComposer.swift; sourceTree = "<group>"; };
		CC33B8332FF44849004D2794 /* FeedImageDataLoaderPresentationAdapter.swift */ = {isa = PBXFileReference; lastKnownFileType = sourcecode.swift; path = FeedImageDataLoaderPresentationAdapter.swift; sourceTree = "<group>"; };
		CC33B8342FF44849004D2794 /* FeedLoaderPresentationAdapter.swift */ = {isa = PBXFileReference; lastKnownFileType = sourcecode.swift; path = FeedLoaderPresentationAdapter.swift; sourceTree = "<group>"; };
		CC33B8352FF44849004D2794 /* FeedViewAdapter.swift */ = {isa = PBXFileReference; lastKnownFileType = sourcecode.swift; path = FeedViewAdapter.swift; sourceTree = "<group>"; };
		CC33B8362FF44849004D2794 /* MainQueueDispatchDecorator.swift */ = {isa = PBXFileReference; lastKnownFileType = sourcecode.swift; path = MainQueueDispatchDecorator.swift; sourceTree = "<group>"; };
		CC33B8372FF44849004D2794 /* WeakRefVirtualProxy.swift */ = {isa = PBXFileReference; lastKnownFileType = sourcecode.swift; path = WeakRefVirtualProxy.swift; sourceTree = "<group>"; };
		CC33B8402FF44889004D2794 /* FeedImageCell+TestHelpers.swift */ = {isa = PBXFileReference; lastKnownFileType = sourcecode.swift; path = "FeedImageCell+TestHelpers.swift"; sourceTree = "<group>"; };
		CC33B8412FF44889004D2794 /* FeedUIIntegrationTests+Localization.swift */ = {isa = PBXFileReference; lastKnownFileType = sourcecode.swift; path = "FeedUIIntegrationTests+Localization.swift"; sourceTree = "<group>"; };
		CC33B8422FF44889004D2794 /* FeedViewController+TestHelpers.swift */ = {isa = PBXFileReference; lastKnownFileType = sourcecode.swift; path = "FeedViewController+TestHelpers.swift"; sourceTree = "<group>"; };
		CC33B8432FF44889004D2794 /* FeedViewControllerTests+Assertions.swift */ = {isa = PBXFileReference; lastKnownFileType = sourcecode.swift; path = "FeedViewControllerTests+Assertions.swift"; sourceTree = "<group>"; };
		CC33B8442FF44889004D2794 /* FeedViewControllerTests+LoaderSpy.swift */ = {isa = PBXFileReference; lastKnownFileType = sourcecode.swift; path = "FeedViewControllerTests+LoaderSpy.swift"; sourceTree = "<group>"; };
		CC33B8452FF44889004D2794 /* UIButton+TestHelpers.swift */ = {isa = PBXFileReference; lastKnownFileType = sourcecode.swift; path = "UIButton+TestHelpers.swift"; sourceTree = "<group>"; };
		CC33B8462FF44889004D2794 /* UIControl+TestHelpers.swift */ = {isa = PBXFileReference; lastKnownFileType = sourcecode.swift; path = "UIControl+TestHelpers.swift"; sourceTree = "<group>"; };
		CC33B8472FF44889004D2794 /* UIImage+TestHelpers.swift */ = {isa = PBXFileReference; lastKnownFileType = sourcecode.swift; path = "UIImage+TestHelpers.swift"; sourceTree = "<group>"; };
		CC33B8482FF44889004D2794 /* UIRefreshControl+TestHelpers.swift */ = {isa = PBXFileReference; lastKnownFileType = sourcecode.swift; path = "UIRefreshControl+TestHelpers.swift"; sourceTree = "<group>"; };
		CC33B8522FF448AB004D2794 /* FeedUIIntegrationTests.swift */ = {isa = PBXFileReference; lastKnownFileType = sourcecode.swift; path = FeedUIIntegrationTests.swift; sourceTree = "<group>"; };
		CC33B8552FF44C88004D2794 /* FeedAcceptanceTests.swift */ = {isa = PBXFileReference; lastKnownFileType = sourcecode.swift; path = FeedAcceptanceTests.swift; sourceTree = "<group>"; };
		CC33B8572FF45EC1004D2794 /* HTTPClientStub.swift */ = {isa = PBXFileReference; lastKnownFileType = sourcecode.swift; path = HTTPClientStub.swift; sourceTree = "<group>"; };
		CC33B8592FF45F3C004D2794 /* InMemoryFeedStore.swift */ = {isa = PBXFileReference; lastKnownFileType = sourcecode.swift; path = InMemoryFeedStore.swift; sourceTree = "<group>"; };
		CC353AA92FF6D7F700E2D1E7 /* UIView+TestHelpers.swift */ = {isa = PBXFileReference; lastKnownFileType = sourcecode.swift; path = "UIView+TestHelpers.swift"; sourceTree = "<group>"; };
		CC353F542FF83F7200E2D1E7 /* Assets.xcassets */ = {isa = PBXFileReference; lastKnownFileType = folder.assetcatalog; path = Assets.xcassets; sourceTree = "<group>"; };
		CC52D4642F9D59F1007A9C39 /* EssentialFeed.framework */ = {isa = PBXFileReference; explicitFileType = wrapper.framework; path = EssentialFeed.framework; sourceTree = BUILT_PRODUCTS_DIR; };
		CC52D4652F9D59F1007A9C39 /* EssentialFeediOS.framework */ = {isa = PBXFileReference; explicitFileType = wrapper.framework; path = EssentialFeediOS.framework; sourceTree = BUILT_PRODUCTS_DIR; };
		CC7009A62FC89EBD0099345A /* CI_iOS.xctestplan */ = {isa = PBXFileReference; lastKnownFileType = text; name = CI_iOS.xctestplan; path = ../EssentialFeed/CI_iOS.xctestplan; sourceTree = "<group>"; };
		CCB16C032F9D51090044DC8F /* EssentialApp.app */ = {isa = PBXFileReference; explicitFileType = wrapper.application; includeInIndex = 0; path = EssentialApp.app; sourceTree = BUILT_PRODUCTS_DIR; };
		CCB16C192F9D510B0044DC8F /* EssentialAppTests.xctest */ = {isa = PBXFileReference; explicitFileType = wrapper.cfbundle; includeInIndex = 0; path = EssentialAppTests.xctest; sourceTree = BUILT_PRODUCTS_DIR; };
		CCC5487A2FE4532E003AFC37 /* AppDelegate.swift */ = {isa = PBXFileReference; lastKnownFileType = sourcecode.swift; path = AppDelegate.swift; sourceTree = "<group>"; };
		CCC5487D2FE4532E003AFC37 /* FeedImageDataLoaderCacheDecorator.swift */ = {isa = PBXFileReference; lastKnownFileType = sourcecode.swift; path = FeedImageDataLoaderCacheDecorator.swift; sourceTree = "<group>"; };
		CCC5487E2FE4532E003AFC37 /* FeedImageDataLoaderWithFallbackComposite.swift */ = {isa = PBXFileReference; lastKnownFileType = sourcecode.swift; path = FeedImageDataLoaderWithFallbackComposite.swift; sourceTree = "<group>"; };
		CCC5487F2FE4532E003AFC37 /* FeedLoaderCacheDecorator.swift */ = {isa = PBXFileReference; lastKnownFileType = sourcecode.swift; path = FeedLoaderCacheDecorator.swift; sourceTree = "<group>"; };
		CCC548802FE4532E003AFC37 /* FeedLoaderWithFallbackComposite.swift */ = {isa = PBXFileReference; lastKnownFileType = sourcecode.swift; path = FeedLoaderWithFallbackComposite.swift; sourceTree = "<group>"; };
		CCC548812FE4532E003AFC37 /* Info.plist */ = {isa = PBXFileReference; lastKnownFileType = text.plist.xml; path = Info.plist; sourceTree = "<group>"; };
		CCC548822FE4532E003AFC37 /* Base */ = {isa = PBXFileReference; lastKnownFileType = file.storyboard; name = Base; path = Base.lproj/LaunchScreen.storyboard; sourceTree = "<group>"; };
		CCC548842FE4532E003AFC37 /* Base */ = {isa = PBXFileReference; lastKnownFileType = file.storyboard; name = Base; path = Base.lproj/Main.storyboard; sourceTree = "<group>"; };
		CCC548862FE4532E003AFC37 /* SceneDelegate.swift */ = {isa = PBXFileReference; lastKnownFileType = sourcecode.swift; path = SceneDelegate.swift; sourceTree = "<group>"; };
		CCC548E02FE99E14003AFC37 /* FeedImageDataLoaderSpy.swift */ = {isa = PBXFileReference; lastKnownFileType = sourcecode.swift; path = FeedImageDataLoaderSpy.swift; sourceTree = "<group>"; };
		CCC548E12FE99E14003AFC37 /* FeedLoaderStub.swift */ = {isa = PBXFileReference; lastKnownFileType = sourcecode.swift; path = FeedLoaderStub.swift; sourceTree = "<group>"; };
		CCC548E22FE99E14003AFC37 /* SharedTestHelpers.swift */ = {isa = PBXFileReference; lastKnownFileType = sourcecode.swift; path = SharedTestHelpers.swift; sourceTree = "<group>"; };
		CCC548E32FE99E14003AFC37 /* XCTestCase+FeedImageDataLoader.swift */ = {isa = PBXFileReference; lastKnownFileType = sourcecode.swift; path = "XCTestCase+FeedImageDataLoader.swift"; sourceTree = "<group>"; };
		CCC548E42FE99E14003AFC37 /* XCTestCase+FeedLoader.swift */ = {isa = PBXFileReference; lastKnownFileType = sourcecode.swift; path = "XCTestCase+FeedLoader.swift"; sourceTree = "<group>"; };
		CCC548E52FE99E14003AFC37 /* XCTestCase+MemoryLeakTracking.swift */ = {isa = PBXFileReference; lastKnownFileType = sourcecode.swift; path = "XCTestCase+MemoryLeakTracking.swift"; sourceTree = "<group>"; };
		CCC548E72FE99E14003AFC37 /* FeedImageDataLoaderCacheDecoratorTests.swift */ = {isa = PBXFileReference; lastKnownFileType = sourcecode.swift; path = FeedImageDataLoaderCacheDecoratorTests.swift; sourceTree = "<group>"; };
		CCC548E82FE99E14003AFC37 /* FeedImageDataLoaderWithFallbackCompositeTests.swift */ = {isa = PBXFileReference; lastKnownFileType = sourcecode.swift; path = FeedImageDataLoaderWithFallbackCompositeTests.swift; sourceTree = "<group>"; };
		CCC548E92FE99E14003AFC37 /* FeedLoaderCacheDecoratorTests.swift */ = {isa = PBXFileReference; lastKnownFileType = sourcecode.swift; path = FeedLoaderCacheDecoratorTests.swift; sourceTree = "<group>"; };
		CCC548EA2FE99E14003AFC37 /* FeedLoaderWithFallbackCompositeTests.swift */ = {isa = PBXFileReference; lastKnownFileType = sourcecode.swift; path = FeedLoaderWithFallbackCompositeTests.swift; sourceTree = "<group>"; };
/* End PBXFileReference section */

/* Begin PBXFrameworksBuildPhase section */
		CCB16C002F9D51090044DC8F /* Frameworks */ = {
			isa = PBXFrameworksBuildPhase;
			buildActionMask = 2147483647;
			files = (
				CC52D4662F9D59F1007A9C39 /* EssentialFeed.framework in Frameworks */,
				CC52D4682F9D59F1007A9C39 /* EssentialFeediOS.framework in Frameworks */,
			);
			runOnlyForDeploymentPostprocessing = 0;
		};
		CCB16C162F9D510B0044DC8F /* Frameworks */ = {
			isa = PBXFrameworksBuildPhase;
			buildActionMask = 2147483647;
			files = (
			);
			runOnlyForDeploymentPostprocessing = 0;
		};
/* End PBXFrameworksBuildPhase section */

/* Begin PBXGroup section */
		CC52D4632F9D59F1007A9C39 /* Frameworks */ = {
			isa = PBXGroup;
			children = (
				CC52D4642F9D59F1007A9C39 /* EssentialFeed.framework */,
				CC52D4652F9D59F1007A9C39 /* EssentialFeediOS.framework */,
			);
			name = Frameworks;
			sourceTree = "<group>";
		};
		CCB16BFA2F9D51090044DC8F = {
			isa = PBXGroup;
			children = (
				CC7009A62FC89EBD0099345A /* CI_iOS.xctestplan */,
				CCC548882FE4532E003AFC37 /* EssentialApp */,
				CCC548EB2FE99E14003AFC37 /* EssentialAppTests */,
				CC52D4632F9D59F1007A9C39 /* Frameworks */,
				CCB16C042F9D51090044DC8F /* Products */,
			);
			sourceTree = "<group>";
		};
		CCB16C042F9D51090044DC8F /* Products */ = {
			isa = PBXGroup;
			children = (
				CCB16C032F9D51090044DC8F /* EssentialApp.app */,
				CCB16C192F9D510B0044DC8F /* EssentialAppTests.xctest */,
			);
			name = Products;
			sourceTree = "<group>";
		};
		CCC548882FE4532E003AFC37 /* EssentialApp */ = {
			isa = PBXGroup;
			children = (
				CCC5487A2FE4532E003AFC37 /* AppDelegate.swift */,
				CCC548862FE4532E003AFC37 /* SceneDelegate.swift */,
				CC33B8322FF44849004D2794 /* FeedUIComposer.swift */,
				CC33B8332FF44849004D2794 /* FeedImageDataLoaderPresentationAdapter.swift */,
				CC33B8342FF44849004D2794 /* FeedLoaderPresentationAdapter.swift */,
				CC33B8352FF44849004D2794 /* FeedViewAdapter.swift */,
				CC33B8362FF44849004D2794 /* MainQueueDispatchDecorator.swift */,
				CC33B8372FF44849004D2794 /* WeakRefVirtualProxy.swift */,
				CCC548802FE4532E003AFC37 /* FeedLoaderWithFallbackComposite.swift */,
				CCC5487F2FE4532E003AFC37 /* FeedLoaderCacheDecorator.swift */,
				CCC5487E2FE4532E003AFC37 /* FeedImageDataLoaderWithFallbackComposite.swift */,
				CCC5487D2FE4532E003AFC37 /* FeedImageDataLoaderCacheDecorator.swift */,
				CCC548852FE4532E003AFC37 /* Main.storyboard */,
				CC353F542FF83F7200E2D1E7 /* Assets.xcassets */,
				CCC548832FE4532E003AFC37 /* LaunchScreen.storyboard */,
				CCC548812FE4532E003AFC37 /* Info.plist */,
			);
			path = EssentialApp;
			sourceTree = "<group>";
		};
		CCC548E62FE99E14003AFC37 /* Helpers */ = {
			isa = PBXGroup;
			children = (
				CC353AA92FF6D7F700E2D1E7 /* UIView+TestHelpers.swift */,
				CC33B8592FF45F3C004D2794 /* InMemoryFeedStore.swift */,
				CC33B8572FF45EC1004D2794 /* HTTPClientStub.swift */,
				CCC548E02FE99E14003AFC37 /* FeedImageDataLoaderSpy.swift */,
				CCC548E12FE99E14003AFC37 /* FeedLoaderStub.swift */,
				CCC548E22FE99E14003AFC37 /* SharedTestHelpers.swift */,
				CCC548E32FE99E14003AFC37 /* XCTestCase+FeedImageDataLoader.swift */,
				CCC548E42FE99E14003AFC37 /* XCTestCase+FeedLoader.swift */,
				CCC548E52FE99E14003AFC37 /* XCTestCase+MemoryLeakTracking.swift */,
				CC33B8402FF44889004D2794 /* FeedImageCell+TestHelpers.swift */,
				CC33B8412FF44889004D2794 /* FeedUIIntegrationTests+Localization.swift */,
				CC33B8422FF44889004D2794 /* FeedViewController+TestHelpers.swift */,
				CC33B8432FF44889004D2794 /* FeedViewControllerTests+Assertions.swift */,
				CC33B8442FF44889004D2794 /* FeedViewControllerTests+LoaderSpy.swift */,
				CC33B8452FF44889004D2794 /* UIButton+TestHelpers.swift */,
				CC33B8462FF44889004D2794 /* UIControl+TestHelpers.swift */,
				CC33B8472FF44889004D2794 /* UIImage+TestHelpers.swift */,
				CC33B8482FF44889004D2794 /* UIRefreshControl+TestHelpers.swift */,
			);
			path = Helpers;
			sourceTree = "<group>";
		};
		CCC548EB2FE99E14003AFC37 /* EssentialAppTests */ = {
			isa = PBXGroup;
			children = (
				CCC548E62FE99E14003AFC37 /* Helpers */,
				CC33B8102FF44411004D2794 /* SceneDelegateTests.swift */,
				CC33B8522FF448AB004D2794 /* FeedUIIntegrationTests.swift */,
				CCC548E72FE99E14003AFC37 /* FeedImageDataLoaderCacheDecoratorTests.swift */,
				CCC548E82FE99E14003AFC37 /* FeedImageDataLoaderWithFallbackCompositeTests.swift */,
				CCC548E92FE99E14003AFC37 /* FeedLoaderCacheDecoratorTests.swift */,
				CCC548EA2FE99E14003AFC37 /* FeedLoaderWithFallbackCompositeTests.swift */,
				CC33B8552FF44C88004D2794 /* FeedAcceptanceTests.swift */,
			);
			path = EssentialAppTests;
			sourceTree = "<group>";
		};
/* End PBXGroup section */

/* Begin PBXNativeTarget section */
		CCB16C022F9D51090044DC8F /* EssentialApp */ = {
			isa = PBXNativeTarget;
			buildConfigurationList = CCB16C2C2F9D510B0044DC8F /* Build configuration list for PBXNativeTarget "EssentialApp" */;
			buildPhases = (
				CCB16BFF2F9D51090044DC8F /* Sources */,
				CCB16C002F9D51090044DC8F /* Frameworks */,
				CCB16C012F9D51090044DC8F /* Resources */,
				CC52D46A2F9D59F2007A9C39 /* Embed Frameworks */,
			);
			buildRules = (
			);
			dependencies = (
			);
			name = EssentialApp;
			packageProductDependencies = (
			);
			productName = EssentialApp;
			productReference = CCB16C032F9D51090044DC8F /* EssentialApp.app */;
			productType = "com.apple.product-type.application";
		};
		CCB16C182F9D510B0044DC8F /* EssentialAppTests */ = {
			isa = PBXNativeTarget;
			buildConfigurationList = CCB16C312F9D510B0044DC8F /* Build configuration list for PBXNativeTarget "EssentialAppTests" */;
			buildPhases = (
				CCB16C152F9D510B0044DC8F /* Sources */,
				CCB16C162F9D510B0044DC8F /* Frameworks */,
				CCB16C172F9D510B0044DC8F /* Resources */,
			);
			buildRules = (
			);
			dependencies = (
				CCB16C1B2F9D510B0044DC8F /* PBXTargetDependency */,
			);
			name = EssentialAppTests;
			packageProductDependencies = (
			);
			productName = EssentialAppTests;
			productReference = CCB16C192F9D510B0044DC8F /* EssentialAppTests.xctest */;
			productType = "com.apple.product-type.bundle.unit-test";
		};
/* End PBXNativeTarget section */

/* Begin PBXProject section */
		CCB16BFB2F9D51090044DC8F /* Project object */ = {
			isa = PBXProject;
			attributes = {
				BuildIndependentTargetsInParallel = 1;
				LastSwiftUpdateCheck = 2620;
				LastUpgradeCheck = 2620;
				TargetAttributes = {
					CCB16C022F9D51090044DC8F = {
						CreatedOnToolsVersion = 26.2;
					};
					CCB16C182F9D510B0044DC8F = {
						CreatedOnToolsVersion = 26.2;
						LastSwiftMigration = 2620;
						TestTargetID = CCB16C022F9D51090044DC8F;
					};
				};
			};
			buildConfigurationList = CCB16BFE2F9D51090044DC8F /* Build configuration list for PBXProject "EssentialApp" */;
			developmentRegion = en;
			hasScannedForEncodings = 0;
			knownRegions = (
				en,
				Base,
			);
			mainGroup = CCB16BFA2F9D51090044DC8F;
			minimizedProjectReferenceProxies = 1;
			preferredProjectObjectVersion = 77;
			productRefGroup = CCB16C042F9D51090044DC8F /* Products */;
			projectDirPath = "";
			projectRoot = "";
			targets = (
				CCB16C022F9D51090044DC8F /* EssentialApp */,
				CCB16C182F9D510B0044DC8F /* EssentialAppTests */,
			);
		};
/* End PBXProject section */

/* Begin PBXResourcesBuildPhase section */
		CCB16C012F9D51090044DC8F /* Resources */ = {
			isa = PBXResourcesBuildPhase;
			buildActionMask = 2147483647;
			files = (
				CCC5488B2FE4532E003AFC37 /* LaunchScreen.storyboard in Resources */,
				CC353F552FF83F7200E2D1E7 /* Assets.xcassets in Resources */,
				CCC5488C2FE4532E003AFC37 /* Main.storyboard in Resources */,
			);
			runOnlyForDeploymentPostprocessing = 0;
		};
		CCB16C172F9D510B0044DC8F /* Resources */ = {
			isa = PBXResourcesBuildPhase;
			buildActionMask = 2147483647;
			files = (
			);
			runOnlyForDeploymentPostprocessing = 0;
		};
/* End PBXResourcesBuildPhase section */

/* Begin PBXSourcesBuildPhase section */
		CCB16BFF2F9D51090044DC8F /* Sources */ = {
			isa = PBXSourcesBuildPhase;
			buildActionMask = 2147483647;
			files = (
				CCC5488D2FE4532E003AFC37 /* AppDelegate.swift in Sources */,
				CCC5488F2FE4532E003AFC37 /* FeedImageDataLoaderCacheDecorator.swift in Sources */,
				CCC548902FE4532E003AFC37 /* FeedImageDataLoaderWithFallbackComposite.swift in Sources */,
				CC33B8392FF44849004D2794 /* FeedImageDataLoaderPresentationAdapter.swift in Sources */,
				CC33B83A2FF44849004D2794 /* FeedViewAdapter.swift in Sources */,
				CC33B83B2FF44849004D2794 /* FeedUIComposer.swift in Sources */,
				CC33B83C2FF44849004D2794 /* MainQueueDispatchDecorator.swift in Sources */,
				CC33B83D2FF44849004D2794 /* FeedLoaderPresentationAdapter.swift in Sources */,
				CC33B83F2FF44849004D2794 /* WeakRefVirtualProxy.swift in Sources */,
				CCC548912FE4532E003AFC37 /* FeedLoaderCacheDecorator.swift in Sources */,
				CCC548922FE4532E003AFC37 /* FeedLoaderWithFallbackComposite.swift in Sources */,
				CCC548932FE4532E003AFC37 /* SceneDelegate.swift in Sources */,
			);
			runOnlyForDeploymentPostprocessing = 0;
		};
		CCB16C152F9D510B0044DC8F /* Sources */ = {
			isa = PBXSourcesBuildPhase;
			buildActionMask = 2147483647;
			files = (
				CCC548EC2FE99E14003AFC37 /* FeedImageDataLoaderSpy.swift in Sources */,
				CC33B8492FF44889004D2794 /* UIButton+TestHelpers.swift in Sources */,
				CC33B84A2FF44889004D2794 /* UIControl+TestHelpers.swift in Sources */,
				CC33B84B2FF44889004D2794 /* FeedImageCell+TestHelpers.swift in Sources */,
				CC33B84C2FF44889004D2794 /* FeedUIIntegrationTests+Localization.swift in Sources */,
				CC33B84D2FF44889004D2794 /* UIImage+TestHelpers.swift in Sources */,
				CC33B84E2FF44889004D2794 /* FeedViewControllerTests+Assertions.swift in Sources */,
				CC33B84F2FF44889004D2794 /* FeedViewControllerTests+LoaderSpy.swift in Sources */,
				CC33B8502FF44889004D2794 /* UIRefreshControl+TestHelpers.swift in Sources */,
				CC33B8512FF44889004D2794 /* FeedViewController+TestHelpers.swift in Sources */,
				CCC548ED2FE99E14003AFC37 /* FeedLoaderStub.swift in Sources */,
				CC33B85A2FF45F3D004D2794 /* InMemoryFeedStore.swift in Sources */,
				CCC548EE2FE99E14003AFC37 /* SharedTestHelpers.swift in Sources */,
				CCC548EF2FE99E14003AFC37 /* XCTestCase+FeedImageDataLoader.swift in Sources */,
				CC33B8112FF44421004D2794 /* SceneDelegateTests.swift in Sources */,
				CC33B8562FF44C88004D2794 /* FeedAcceptanceTests.swift in Sources */,
				CC33B8582FF45EC3004D2794 /* HTTPClientStub.swift in Sources */,
				CCC548F02FE99E14003AFC37 /* XCTestCase+FeedLoader.swift in Sources */,
				CC353AAA2FF6D80200E2D1E7 /* UIView+TestHelpers.swift in Sources */,
				CCC548F12FE99E14003AFC37 /* XCTestCase+MemoryLeakTracking.swift in Sources */,
				CCC548F22FE99E14003AFC37 /* FeedImageDataLoaderCacheDecoratorTests.swift in Sources */,
				CCC548F32FE99E14003AFC37 /* FeedImageDataLoaderWithFallbackCompositeTests.swift in Sources */,
				CCC548F42FE99E14003AFC37 /* FeedLoaderCacheDecoratorTests.swift in Sources */,
				CC33B8532FF448AB004D2794 /* FeedUIIntegrationTests.swift in Sources */,
				CCC548F52FE99E14003AFC37 /* FeedLoaderWithFallbackCompositeTests.swift in Sources */,
			);
			runOnlyForDeploymentPostprocessing = 0;
		};
/* End PBXSourcesBuildPhase section */

/* Begin PBXTargetDependency section */
		CCB16C1B2F9D510B0044DC8F /* PBXTargetDependency */ = {
			isa = PBXTargetDependency;
			target = CCB16C022F9D51090044DC8F /* EssentialApp */;
			targetProxy = CCB16C1A2F9D510B0044DC8F /* PBXContainerItemProxy */;
		};
/* End PBXTargetDependency section */

/* Begin PBXVariantGroup section */
		CCC548832FE4532E003AFC37 /* LaunchScreen.storyboard */ = {
			isa = PBXVariantGroup;
			children = (
				CCC548822FE4532E003AFC37 /* Base */,
			);
			name = LaunchScreen.storyboard;
			sourceTree = "<group>";
		};
		CCC548852FE4532E003AFC37 /* Main.storyboard */ = {
			isa = PBXVariantGroup;
			children = (
				CCC548842FE4532E003AFC37 /* Base */,
			);
			name = Main.storyboard;
			sourceTree = "<group>";
		};
/* End PBXVariantGroup section */

/* Begin XCBuildConfiguration section */
		CCB16C2D2F9D510B0044DC8F /* Debug */ = {
			isa = XCBuildConfiguration;
			buildSettings = {
				ASSETCATALOG_COMPILER_APPICON_NAME = AppIcon;
				ASSETCATALOG_COMPILER_GLOBAL_ACCENT_COLOR_NAME = AccentColor;
				CODE_SIGN_STYLE = Automatic;
				CURRENT_PROJECT_VERSION = 1;
				DEVELOPMENT_TEAM = 46SMG2YCZW;
				GENERATE_INFOPLIST_FILE = YES;
				INFOPLIST_FILE = EssentialApp/Info.plist;
				INFOPLIST_KEY_UIApplicationSupportsIndirectInputEvents = YES;
				INFOPLIST_KEY_UILaunchStoryboardName = LaunchScreen;
				INFOPLIST_KEY_UIMainStoryboardFile = Main;
				INFOPLIST_KEY_UISupportedInterfaceOrientations = UIInterfaceOrientationPortrait;
				INFOPLIST_KEY_UISupportedInterfaceOrientations_iPad = "UIInterfaceOrientationLandscapeLeft UIInterfaceOrientationLandscapeRight UIInterfaceOrientationPortrait UIInterfaceOrientationPortraitUpsideDown";
				LD_RUNPATH_SEARCH_PATHS = (
					"$(inherited)",
					"@executable_path/Frameworks",
				);
				MARKETING_VERSION = 1.0;
				PRODUCT_BUNDLE_IDENTIFIER = MarcosAlvarez.EssentialApp;
				PRODUCT_NAME = "$(TARGET_NAME)";
				STRING_CATALOG_GENERATE_SYMBOLS = YES;
				SWIFT_APPROACHABLE_CONCURRENCY = YES;
				SWIFT_DEFAULT_ACTOR_ISOLATION = MainActor;
				SWIFT_EMIT_LOC_STRINGS = YES;
				SWIFT_UPCOMING_FEATURE_MEMBER_IMPORT_VISIBILITY = YES;
				SWIFT_VERSION = 5.0;
				TARGETED_DEVICE_FAMILY = "1,2";
			};
			name = Debug;
		};
		CCB16C2E2F9D510B0044DC8F /* Release */ = {
			isa = XCBuildConfiguration;
			buildSettings = {
				ASSETCATALOG_COMPILER_APPICON_NAME = AppIcon;
				ASSETCATALOG_COMPILER_GLOBAL_ACCENT_COLOR_NAME = AccentColor;
				CODE_SIGN_STYLE = Automatic;
				CURRENT_PROJECT_VERSION = 1;
				DEVELOPMENT_TEAM = 46SMG2YCZW;
				GENERATE_INFOPLIST_FILE = YES;
				INFOPLIST_FILE = EssentialApp/Info.plist;
				INFOPLIST_KEY_UIApplicationSupportsIndirectInputEvents = YES;
				INFOPLIST_KEY_UILaunchStoryboardName = LaunchScreen;
				INFOPLIST_KEY_UIMainStoryboardFile = Main;
				INFOPLIST_KEY_UISupportedInterfaceOrientations = UIInterfaceOrientationPortrait;
				INFOPLIST_KEY_UISupportedInterfaceOrientations_iPad = "UIInterfaceOrientationLandscapeLeft UIInterfaceOrientationLandscapeRight UIInterfaceOrientationPortrait UIInterfaceOrientationPortraitUpsideDown";
				LD_RUNPATH_SEARCH_PATHS = (
					"$(inherited)",
					"@executable_path/Frameworks",
				);
				MARKETING_VERSION = 1.0;
				PRODUCT_BUNDLE_IDENTIFIER = MarcosAlvarez.EssentialApp;
				PRODUCT_NAME = "$(TARGET_NAME)";
				STRING_CATALOG_GENERATE_SYMBOLS = YES;
				SWIFT_APPROACHABLE_CONCURRENCY = YES;
				SWIFT_DEFAULT_ACTOR_ISOLATION = MainActor;
				SWIFT_EMIT_LOC_STRINGS = YES;
				SWIFT_UPCOMING_FEATURE_MEMBER_IMPORT_VISIBILITY = YES;
				SWIFT_VERSION = 5.0;
				TARGETED_DEVICE_FAMILY = "1,2";
			};
			name = Release;
		};
		CCB16C2F2F9D510B0044DC8F /* Debug */ = {
			isa = XCBuildConfiguration;
			buildSettings = {
				ALWAYS_SEARCH_USER_PATHS = NO;
				ASSETCATALOG_COMPILER_GENERATE_SWIFT_ASSET_SYMBOL_EXTENSIONS = YES;
				CLANG_ANALYZER_NONNULL = YES;
				CLANG_ANALYZER_NUMBER_OBJECT_CONVERSION = YES_AGGRESSIVE;
				CLANG_CXX_LANGUAGE_STANDARD = "gnu++20";
				CLANG_ENABLE_MODULES = YES;
				CLANG_ENABLE_OBJC_ARC = YES;
				CLANG_ENABLE_OBJC_WEAK = YES;
				CLANG_WARN_BLOCK_CAPTURE_AUTORELEASING = YES;
				CLANG_WARN_BOOL_CONVERSION = YES;
				CLANG_WARN_COMMA = YES;
				CLANG_WARN_CONSTANT_CONVERSION = YES;
				CLANG_WARN_DEPRECATED_OBJC_IMPLEMENTATIONS = YES;
				CLANG_WARN_DIRECT_OBJC_ISA_USAGE = YES_ERROR;
				CLANG_WARN_DOCUMENTATION_COMMENTS = YES;
				CLANG_WARN_EMPTY_BODY = YES;
				CLANG_WARN_ENUM_CONVERSION = YES;
				CLANG_WARN_INFINITE_RECURSION = YES;
				CLANG_WARN_INT_CONVERSION = YES;
				CLANG_WARN_NON_LITERAL_NULL_CONVERSION = YES;
				CLANG_WARN_OBJC_IMPLICIT_RETAIN_SELF = YES;
				CLANG_WARN_OBJC_LITERAL_CONVERSION = YES;
				CLANG_WARN_OBJC_ROOT_CLASS = YES_ERROR;
				CLANG_WARN_QUOTED_INCLUDE_IN_FRAMEWORK_HEADER = YES;
				CLANG_WARN_RANGE_LOOP_ANALYSIS = YES;
				CLANG_WARN_STRICT_PROTOTYPES = YES;
				CLANG_WARN_SUSPICIOUS_MOVE = YES;
				CLANG_WARN_UNGUARDED_AVAILABILITY = YES_AGGRESSIVE;
				CLANG_WARN_UNREACHABLE_CODE = YES;
				CLANG_WARN__DUPLICATE_METHOD_MATCH = YES;
				COPY_PHASE_STRIP = NO;
				DEBUG_INFORMATION_FORMAT = dwarf;
				DEVELOPMENT_TEAM = 46SMG2YCZW;
				ENABLE_STRICT_OBJC_MSGSEND = YES;
				ENABLE_TESTABILITY = YES;
				ENABLE_USER_SCRIPT_SANDBOXING = YES;
				GCC_C_LANGUAGE_STANDARD = gnu17;
				GCC_DYNAMIC_NO_PIC = NO;
				GCC_NO_COMMON_BLOCKS = YES;
				GCC_OPTIMIZATION_LEVEL = 0;
				GCC_PREPROCESSOR_DEFINITIONS = (
					"DEBUG=1",
					"$(inherited)",
				);
				GCC_WARN_64_TO_32_BIT_CONVERSION = YES;
				GCC_WARN_ABOUT_RETURN_TYPE = YES_ERROR;
				GCC_WARN_UNDECLARED_SELECTOR = YES;
				GCC_WARN_UNINITIALIZED_AUTOS = YES_AGGRESSIVE;
				GCC_WARN_UNUSED_FUNCTION = YES;
				GCC_WARN_UNUSED_VARIABLE = YES;
				IPHONEOS_DEPLOYMENT_TARGET = 26.2;
				LOCALIZATION_PREFERS_STRING_CATALOGS = YES;
				MTL_ENABLE_DEBUG_INFO = INCLUDE_SOURCE;
				MTL_FAST_MATH = YES;
				ONLY_ACTIVE_ARCH = YES;
				SDKROOT = iphoneos;
				SWIFT_ACTIVE_COMPILATION_CONDITIONS = "DEBUG $(inherited)";
				SWIFT_OPTIMIZATION_LEVEL = "-Onone";
			};
			name = Debug;
		};
		CCB16C302F9D510B0044DC8F /* Release */ = {
			isa = XCBuildConfiguration;
			buildSettings = {
				ALWAYS_SEARCH_USER_PATHS = NO;
				ASSETCATALOG_COMPILER_GENERATE_SWIFT_ASSET_SYMBOL_EXTENSIONS = YES;
				CLANG_ANALYZER_NONNULL = YES;
				CLANG_ANALYZER_NUMBER_OBJECT_CONVERSION = YES_AGGRESSIVE;
				CLANG_CXX_LANGUAGE_STANDARD = "gnu++20";
				CLANG_ENABLE_MODULES = YES;
				CLANG_ENABLE_OBJC_ARC = YES;
				CLANG_ENABLE_OBJC_WEAK = YES;
				CLANG_WARN_BLOCK_CAPTURE_AUTORELEASING = YES;
				CLANG_WARN_BOOL_CONVERSION = YES;
				CLANG_WARN_COMMA = YES;
				CLANG_WARN_CONSTANT_CONVERSION = YES;
				CLANG_WARN_DEPRECATED_OBJC_IMPLEMENTATIONS = YES;
				CLANG_WARN_DIRECT_OBJC_ISA_USAGE = YES_ERROR;
				CLANG_WARN_DOCUMENTATION_COMMENTS = YES;
				CLANG_WARN_EMPTY_BODY = YES;
				CLANG_WARN_ENUM_CONVERSION = YES;
				CLANG_WARN_INFINITE_RECURSION = YES;
				CLANG_WARN_INT_CONVERSION = YES;
				CLANG_WARN_NON_LITERAL_NULL_CONVERSION = YES;
				CLANG_WARN_OBJC_IMPLICIT_RETAIN_SELF = YES;
				CLANG_WARN_OBJC_LITERAL_CONVERSION = YES;
				CLANG_WARN_OBJC_ROOT_CLASS = YES_ERROR;
				CLANG_WARN_QUOTED_INCLUDE_IN_FRAMEWORK_HEADER = YES;
				CLANG_WARN_RANGE_LOOP_ANALYSIS = YES;
				CLANG_WARN_STRICT_PROTOTYPES = YES;
				CLANG_WARN_SUSPICIOUS_MOVE = YES;
				CLANG_WARN_UNGUARDED_AVAILABILITY = YES_AGGRESSIVE;
				CLANG_WARN_UNREACHABLE_CODE = YES;
				CLANG_WARN__DUPLICATE_METHOD_MATCH = YES;
				COPY_PHASE_STRIP = NO;
				DEBUG_INFORMATION_FORMAT = "dwarf-with-dsym";
				DEVELOPMENT_TEAM = 46SMG2YCZW;
				ENABLE_NS_ASSERTIONS = NO;
				ENABLE_STRICT_OBJC_MSGSEND = YES;
				ENABLE_USER_SCRIPT_SANDBOXING = YES;
				GCC_C_LANGUAGE_STANDARD = gnu17;
				GCC_NO_COMMON_BLOCKS = YES;
				GCC_WARN_64_TO_32_BIT_CONVERSION = YES;
				GCC_WARN_ABOUT_RETURN_TYPE = YES_ERROR;
				GCC_WARN_UNDECLARED_SELECTOR = YES;
				GCC_WARN_UNINITIALIZED_AUTOS = YES_AGGRESSIVE;
				GCC_WARN_UNUSED_FUNCTION = YES;
				GCC_WARN_UNUSED_VARIABLE = YES;
				IPHONEOS_DEPLOYMENT_TARGET = 26.2;
				LOCALIZATION_PREFERS_STRING_CATALOGS = YES;
				MTL_ENABLE_DEBUG_INFO = NO;
				MTL_FAST_MATH = YES;
				SDKROOT = iphoneos;
				SWIFT_COMPILATION_MODE = wholemodule;
				VALIDATE_PRODUCT = YES;
			};
			name = Release;
		};
		CCB16C322F9D510B0044DC8F /* Debug */ = {
			isa = XCBuildConfiguration;
			buildSettings = {
				BUNDLE_LOADER = "$(TEST_HOST)";
				CLANG_ENABLE_MODULES = YES;
				CODE_SIGN_STYLE = Automatic;
				CURRENT_PROJECT_VERSION = 1;
				DEVELOPMENT_TEAM = 46SMG2YCZW;
				GENERATE_INFOPLIST_FILE = YES;
				IPHONEOS_DEPLOYMENT_TARGET = 26.2;
				MARKETING_VERSION = 1.0;
				PRODUCT_BUNDLE_IDENTIFIER = MarcosAlvarez.EssentialAppTests;
				PRODUCT_NAME = "$(TARGET_NAME)";
				STRING_CATALOG_GENERATE_SYMBOLS = NO;
				SWIFT_APPROACHABLE_CONCURRENCY = YES;
				SWIFT_EMIT_LOC_STRINGS = NO;
				SWIFT_OPTIMIZATION_LEVEL = "-Onone";
				SWIFT_UPCOMING_FEATURE_MEMBER_IMPORT_VISIBILITY = YES;
				SWIFT_VERSION = 5.0;
				TARGETED_DEVICE_FAMILY = "1,2";
				TEST_HOST = "$(BUILT_PRODUCTS_DIR)/EssentialApp.app/$(BUNDLE_EXECUTABLE_FOLDER_PATH)/EssentialApp";
			};
			name = Debug;
		};
		CCB16C332F9D510B0044DC8F /* Release */ = {
			isa = XCBuildConfiguration;
			buildSettings = {
				BUNDLE_LOADER = "$(TEST_HOST)";
				CLANG_ENABLE_MODULES = YES;
				CODE_SIGN_STYLE = Automatic;
				CURRENT_PROJECT_VERSION = 1;
				DEVELOPMENT_TEAM = 46SMG2YCZW;
				GENERATE_INFOPLIST_FILE = YES;
				IPHONEOS_DEPLOYMENT_TARGET = 26.2;
				MARKETING_VERSION = 1.0;
				PRODUCT_BUNDLE_IDENTIFIER = MarcosAlvarez.EssentialAppTests;
				PRODUCT_NAME = "$(TARGET_NAME)";
				STRING_CATALOG_GENERATE_SYMBOLS = NO;
				SWIFT_APPROACHABLE_CONCURRENCY = YES;
				SWIFT_EMIT_LOC_STRINGS = NO;
				SWIFT_UPCOMING_FEATURE_MEMBER_IMPORT_VISIBILITY = YES;
				SWIFT_VERSION = 5.0;
				TARGETED_DEVICE_FAMILY = "1,2";
				TEST_HOST = "$(BUILT_PRODUCTS_DIR)/EssentialApp.app/$(BUNDLE_EXECUTABLE_FOLDER_PATH)/EssentialApp";
			};
			name = Release;
		};
/* End XCBuildConfiguration section */

/* Begin XCConfigurationList section */
		CCB16BFE2F9D51090044DC8F /* Build configuration list for PBXProject "EssentialApp" */ = {
			isa = XCConfigurationList;
			buildConfigurations = (
				CCB16C2F2F9D510B0044DC8F /* Debug */,
				CCB16C302F9D510B0044DC8F /* Release */,
			);
			defaultConfigurationIsVisible = 0;
			defaultConfigurationName = Release;
		};
		CCB16C2C2F9D510B0044DC8F /* Build configuration list for PBXNativeTarget "EssentialApp" */ = {
			isa = XCConfigurationList;
			buildConfigurations = (
				CCB16C2D2F9D510B0044DC8F /* Debug */,
				CCB16C2E2F9D510B0044DC8F /* Release */,
			);
			defaultConfigurationIsVisible = 0;
			defaultConfigurationName = Release;
		};
		CCB16C312F9D510B0044DC8F /* Build configuration list for PBXNativeTarget "EssentialAppTests" */ = {
			isa = XCConfigurationList;
			buildConfigurations = (
				CCB16C322F9D510B0044DC8F /* Debug */,
				CCB16C332F9D510B0044DC8F /* Release */,
			);
			defaultConfigurationIsVisible = 0;
			defaultConfigurationName = Release;
		};
/* End XCConfigurationList section */
	};
	rootObject = CCB16BFB2F9D51090044DC8F /* Project object */;
}
